// !$*UTF8*$!
{
	archiveVersion = 1;
	classes = {
	};
	objectVersion = 55;
	objects = {

/* Begin PBXBuildFile section */
		B83F470B28903DF50070E13F /* AppDelegate.swift in Sources */ = {isa = PBXBuildFile; fileRef = B83F470A28903DF50070E13F /* AppDelegate.swift */; };
		B83F470D28903DF50070E13F /* SceneDelegate.swift in Sources */ = {isa = PBXBuildFile; fileRef = B83F470C28903DF50070E13F /* SceneDelegate.swift */; };
		B83F471228903DF50070E13F /* Main.storyboard in Resources */ = {isa = PBXBuildFile; fileRef = B83F471028903DF50070E13F /* Main.storyboard */; };
		B83F471428903DF70070E13F /* Assets.xcassets in Resources */ = {isa = PBXBuildFile; fileRef = B83F471328903DF70070E13F /* Assets.xcassets */; };
		B83F471728903DF70070E13F /* LaunchScreen.storyboard in Resources */ = {isa = PBXBuildFile; fileRef = B83F471528903DF70070E13F /* LaunchScreen.storyboard */; };
		B83F472228903DF70070E13F /* ValorantGuideTests.swift in Sources */ = {isa = PBXBuildFile; fileRef = B83F472128903DF70070E13F /* ValorantGuideTests.swift */; };
		B83F472C28903DF70070E13F /* ValorantGuideUITests.swift in Sources */ = {isa = PBXBuildFile; fileRef = B83F472B28903DF70070E13F /* ValorantGuideUITests.swift */; };
		B83F472E28903DF70070E13F /* ValorantGuideUITestsLaunchTests.swift in Sources */ = {isa = PBXBuildFile; fileRef = B83F472D28903DF70070E13F /* ValorantGuideUITestsLaunchTests.swift */; };
		B8A63ECC2893E492006F9981 /* AgentsViewController.swift in Sources */ = {isa = PBXBuildFile; fileRef = B8A63ECB2893E492006F9981 /* AgentsViewController.swift */; };
		B8A63ECE2893E49F006F9981 /* AgentsInteractor.swift in Sources */ = {isa = PBXBuildFile; fileRef = B8A63ECD2893E49F006F9981 /* AgentsInteractor.swift */; };
		B8A63ED02893E4AB006F9981 /* AgentsPresenter.swift in Sources */ = {isa = PBXBuildFile; fileRef = B8A63ECF2893E4AB006F9981 /* AgentsPresenter.swift */; };
		B8A63ED22893E4B8006F9981 /* AgentsListEntity.swift in Sources */ = {isa = PBXBuildFile; fileRef = B8A63ED12893E4B8006F9981 /* AgentsListEntity.swift */; };
		B8A63ED42893E4C9006F9981 /* AgentsRouter.swift in Sources */ = {isa = PBXBuildFile; fileRef = B8A63ED32893E4C9006F9981 /* AgentsRouter.swift */; };
		B8A63ED62894A8AF006F9981 /* Protocols.swift in Sources */ = {isa = PBXBuildFile; fileRef = B8A63ED52894A8AF006F9981 /* Protocols.swift */; };
		B8A63ED92894A993006F9981 /* Constans.swift in Sources */ = {isa = PBXBuildFile; fileRef = B8A63ED82894A993006F9981 /* Constans.swift */; };
		B8A63EDB2894A9A1006F9981 /* EndPoint.swift in Sources */ = {isa = PBXBuildFile; fileRef = B8A63EDA2894A9A1006F9981 /* EndPoint.swift */; };
/* End PBXBuildFile section */

/* Begin PBXContainerItemProxy section */
		B83F471E28903DF70070E13F /* PBXContainerItemProxy */ = {
			isa = PBXContainerItemProxy;
			containerPortal = B83F46FF28903DF50070E13F /* Project object */;
			proxyType = 1;
			remoteGlobalIDString = B83F470628903DF50070E13F;
			remoteInfo = ValorantGuide;
		};
		B83F472828903DF70070E13F /* PBXContainerItemProxy */ = {
			isa = PBXContainerItemProxy;
			containerPortal = B83F46FF28903DF50070E13F /* Project object */;
			proxyType = 1;
			remoteGlobalIDString = B83F470628903DF50070E13F;
			remoteInfo = ValorantGuide;
		};
/* End PBXContainerItemProxy section */

/* Begin PBXFileReference section */
		B83F470728903DF50070E13F /* ValorantGuide.app */ = {isa = PBXFileReference; explicitFileType = wrapper.application; includeInIndex = 0; path = ValorantGuide.app; sourceTree = BUILT_PRODUCTS_DIR; };
		B83F470A28903DF50070E13F /* AppDelegate.swift */ = {isa = PBXFileReference; lastKnownFileType = sourcecode.swift; path = AppDelegate.swift; sourceTree = "<group>"; };
		B83F470C28903DF50070E13F /* SceneDelegate.swift */ = {isa = PBXFileReference; lastKnownFileType = sourcecode.swift; path = SceneDelegate.swift; sourceTree = "<group>"; };
		B83F471128903DF50070E13F /* Base */ = {isa = PBXFileReference; lastKnownFileType = file.storyboard; name = Base; path = Base.lproj/Main.storyboard; sourceTree = "<group>"; };
		B83F471328903DF70070E13F /* Assets.xcassets */ = {isa = PBXFileReference; lastKnownFileType = folder.assetcatalog; path = Assets.xcassets; sourceTree = "<group>"; };
		B83F471628903DF70070E13F /* Base */ = {isa = PBXFileReference; lastKnownFileType = file.storyboard; name = Base; path = Base.lproj/LaunchScreen.storyboard; sourceTree = "<group>"; };
		B83F471828903DF70070E13F /* Info.plist */ = {isa = PBXFileReference; lastKnownFileType = text.plist.xml; path = Info.plist; sourceTree = "<group>"; };
		B83F471D28903DF70070E13F /* ValorantGuideTests.xctest */ = {isa = PBXFileReference; explicitFileType = wrapper.cfbundle; includeInIndex = 0; path = ValorantGuideTests.xctest; sourceTree = BUILT_PRODUCTS_DIR; };
		B83F472128903DF70070E13F /* ValorantGuideTests.swift */ = {isa = PBXFileReference; lastKnownFileType = sourcecode.swift; path = ValorantGuideTests.swift; sourceTree = "<group>"; };
		B83F472728903DF70070E13F /* ValorantGuideUITests.xctest */ = {isa = PBXFileReference; explicitFileType = wrapper.cfbundle; includeInIndex = 0; path = ValorantGuideUITests.xctest; sourceTree = BUILT_PRODUCTS_DIR; };
		B83F472B28903DF70070E13F /* ValorantGuideUITests.swift */ = {isa = PBXFileReference; lastKnownFileType = sourcecode.swift; path = ValorantGuideUITests.swift; sourceTree = "<group>"; };
		B83F472D28903DF70070E13F /* ValorantGuideUITestsLaunchTests.swift */ = {isa = PBXFileReference; lastKnownFileType = sourcecode.swift; path = ValorantGuideUITestsLaunchTests.swift; sourceTree = "<group>"; };
		B8A63ECB2893E492006F9981 /* AgentsViewController.swift */ = {isa = PBXFileReference; lastKnownFileType = sourcecode.swift; path = AgentsViewController.swift; sourceTree = "<group>"; };
		B8A63ECD2893E49F006F9981 /* AgentsInteractor.swift */ = {isa = PBXFileReference; lastKnownFileType = sourcecode.swift; path = AgentsInteractor.swift; sourceTree = "<group>"; };
		B8A63ECF2893E4AB006F9981 /* AgentsPresenter.swift */ = {isa = PBXFileReference; lastKnownFileType = sourcecode.swift; path = AgentsPresenter.swift; sourceTree = "<group>"; };
		B8A63ED12893E4B8006F9981 /* AgentsListEntity.swift */ = {isa = PBXFileReference; lastKnownFileType = sourcecode.swift; path = AgentsListEntity.swift; sourceTree = "<group>"; };
		B8A63ED32893E4C9006F9981 /* AgentsRouter.swift */ = {isa = PBXFileReference; lastKnownFileType = sourcecode.swift; path = AgentsRouter.swift; sourceTree = "<group>"; };
		B8A63ED52894A8AF006F9981 /* Protocols.swift */ = {isa = PBXFileReference; lastKnownFileType = sourcecode.swift; path = Protocols.swift; sourceTree = "<group>"; };
		B8A63ED82894A993006F9981 /* Constans.swift */ = {isa = PBXFileReference; lastKnownFileType = sourcecode.swift; path = Constans.swift; sourceTree = "<group>"; };
		B8A63EDA2894A9A1006F9981 /* EndPoint.swift */ = {isa = PBXFileReference; lastKnownFileType = sourcecode.swift; path = EndPoint.swift; sourceTree = "<group>"; };
/* End PBXFileReference section */

/* Begin PBXFrameworksBuildPhase section */
		B83F470428903DF50070E13F /* Frameworks */ = {
			isa = PBXFrameworksBuildPhase;
			buildActionMask = 2147483647;
			files = (
			);
			runOnlyForDeploymentPostprocessing = 0;
		};
		B83F471A28903DF70070E13F /* Frameworks */ = {
			isa = PBXFrameworksBuildPhase;
			buildActionMask = 2147483647;
			files = (
			);
			runOnlyForDeploymentPostprocessing = 0;
		};
		B83F472428903DF70070E13F /* Frameworks */ = {
			isa = PBXFrameworksBuildPhase;
			buildActionMask = 2147483647;
			files = (
			);
			runOnlyForDeploymentPostprocessing = 0;
		};
/* End PBXFrameworksBuildPhase section */

/* Begin PBXGroup section */
		B83F46FE28903DF50070E13F = {
			isa = PBXGroup;
			children = (
				B83F470928903DF50070E13F /* ValorantGuide */,
				B83F472028903DF70070E13F /* ValorantGuideTests */,
				B83F472A28903DF70070E13F /* ValorantGuideUITests */,
				B83F470828903DF50070E13F /* Products */,
			);
			sourceTree = "<group>";
		};
		B83F470828903DF50070E13F /* Products */ = {
			isa = PBXGroup;
			children = (
				B83F470728903DF50070E13F /* ValorantGuide.app */,
				B83F471D28903DF70070E13F /* ValorantGuideTests.xctest */,
				B83F472728903DF70070E13F /* ValorantGuideUITests.xctest */,
			);
			name = Products;
			sourceTree = "<group>";
		};
		B83F470928903DF50070E13F /* ValorantGuide */ = {
			isa = PBXGroup;
			children = (
				B8A63ECA2893E482006F9981 /* Viper */,
				B83F470A28903DF50070E13F /* AppDelegate.swift */,
				B83F470C28903DF50070E13F /* SceneDelegate.swift */,
				B83F471028903DF50070E13F /* Main.storyboard */,
				B83F471328903DF70070E13F /* Assets.xcassets */,
				B83F471528903DF70070E13F /* LaunchScreen.storyboard */,
				B83F471828903DF70070E13F /* Info.plist */,
			);
			path = ValorantGuide;
			sourceTree = "<group>";
		};
		B83F472028903DF70070E13F /* ValorantGuideTests */ = {
			isa = PBXGroup;
			children = (
				B83F472128903DF70070E13F /* ValorantGuideTests.swift */,
			);
			path = ValorantGuideTests;
			sourceTree = "<group>";
		};
		B83F472A28903DF70070E13F /* ValorantGuideUITests */ = {
			isa = PBXGroup;
			children = (
				B83F472B28903DF70070E13F /* ValorantGuideUITests.swift */,
				B83F472D28903DF70070E13F /* ValorantGuideUITestsLaunchTests.swift */,
			);
			path = ValorantGuideUITests;
			sourceTree = "<group>";
		};
		B8A63ECA2893E482006F9981 /* Viper */ = {
			isa = PBXGroup;
			children = (
				B8A63ECB2893E492006F9981 /* AgentsViewController.swift */,
				B8A63ECD2893E49F006F9981 /* AgentsInteractor.swift */,
				B8A63ECF2893E4AB006F9981 /* AgentsPresenter.swift */,
				B8A63ED12893E4B8006F9981 /* AgentsListEntity.swift */,
				B8A63ED32893E4C9006F9981 /* AgentsRouter.swift */,
				B8A63ED52894A8AF006F9981 /* Protocols.swift */,
				B8A63ED72894A982006F9981 /* Common */,
			);
			path = Viper;
			sourceTree = "<group>";
		};
		B8A63ED72894A982006F9981 /* Common */ = {
			isa = PBXGroup;
			children = (
				B8A63ED82894A993006F9981 /* Constans.swift */,
				B8A63EDA2894A9A1006F9981 /* EndPoint.swift */,
			);
			path = Common;
			sourceTree = "<group>";
		};
/* End PBXGroup section */

/* Begin PBXNativeTarget section */
		B83F470628903DF50070E13F /* ValorantGuide */ = {
			isa = PBXNativeTarget;
			buildConfigurationList = B83F473128903DF70070E13F /* Build configuration list for PBXNativeTarget "ValorantGuide" */;
			buildPhases = (
				B83F470328903DF50070E13F /* Sources */,
				B83F470428903DF50070E13F /* Frameworks */,
				B83F470528903DF50070E13F /* Resources */,
			);
			buildRules = (
			);
			dependencies = (
			);
			name = ValorantGuide;
			productName = ValorantGuide;
			productReference = B83F470728903DF50070E13F /* ValorantGuide.app */;
			productType = "com.apple.product-type.application";
		};
		B83F471C28903DF70070E13F /* ValorantGuideTests */ = {
			isa = PBXNativeTarget;
			buildConfigurationList = B83F473428903DF70070E13F /* Build configuration list for PBXNativeTarget "ValorantGuideTests" */;
			buildPhases = (
				B83F471928903DF70070E13F /* Sources */,
				B83F471A28903DF70070E13F /* Frameworks */,
				B83F471B28903DF70070E13F /* Resources */,
			);
			buildRules = (
			);
			dependencies = (
				B83F471F28903DF70070E13F /* PBXTargetDependency */,
			);
			name = ValorantGuideTests;
			productName = ValorantGuideTests;
			productReference = B83F471D28903DF70070E13F /* ValorantGuideTests.xctest */;
			productType = "com.apple.product-type.bundle.unit-test";
		};
		B83F472628903DF70070E13F /* ValorantGuideUITests */ = {
			isa = PBXNativeTarget;
			buildConfigurationList = B83F473728903DF70070E13F /* Build configuration list for PBXNativeTarget "ValorantGuideUITests" */;
			buildPhases = (
				B83F472328903DF70070E13F /* Sources */,
				B83F472428903DF70070E13F /* Frameworks */,
				B83F472528903DF70070E13F /* Resources */,
			);
			buildRules = (
			);
			dependencies = (
				B83F472928903DF70070E13F /* PBXTargetDependency */,
			);
			name = ValorantGuideUITests;
			productName = ValorantGuideUITests;
			productReference = B83F472728903DF70070E13F /* ValorantGuideUITests.xctest */;
			productType = "com.apple.product-type.bundle.ui-testing";
		};
/* End PBXNativeTarget section */

/* Begin PBXProject section */
		B83F46FF28903DF50070E13F /* Project object */ = {
			isa = PBXProject;
			attributes = {
				BuildIndependentTargetsInParallel = 1;
				LastSwiftUpdateCheck = 1340;
				LastUpgradeCheck = 1340;
				TargetAttributes = {
					B83F470628903DF50070E13F = {
						CreatedOnToolsVersion = 13.4.1;
					};
					B83F471C28903DF70070E13F = {
						CreatedOnToolsVersion = 13.4.1;
						TestTargetID = B83F470628903DF50070E13F;
					};
					B83F472628903DF70070E13F = {
						CreatedOnToolsVersion = 13.4.1;
						TestTargetID = B83F470628903DF50070E13F;
					};
				};
			};
			buildConfigurationList = B83F470228903DF50070E13F /* Build configuration list for PBXProject "ValorantGuide" */;
			compatibilityVersion = "Xcode 13.0";
			developmentRegion = en;
			hasScannedForEncodings = 0;
			knownRegions = (
				en,
				Base,
			);
			mainGroup = B83F46FE28903DF50070E13F;
			productRefGroup = B83F470828903DF50070E13F /* Products */;
			projectDirPath = "";
			projectRoot = "";
			targets = (
				B83F470628903DF50070E13F /* ValorantGuide */,
				B83F471C28903DF70070E13F /* ValorantGuideTests */,
				B83F472628903DF70070E13F /* ValorantGuideUITests */,
			);
		};
/* End PBXProject section */

/* Begin PBXResourcesBuildPhase section */
		B83F470528903DF50070E13F /* Resources */ = {
			isa = PBXResourcesBuildPhase;
			buildActionMask = 2147483647;
			files = (
				B83F471728903DF70070E13F /* LaunchScreen.storyboard in Resources */,
				B83F471428903DF70070E13F /* Assets.xcassets in Resources */,
				B83F471228903DF50070E13F /* Main.storyboard in Resources */,
			);
			runOnlyForDeploymentPostprocessing = 0;
		};
		B83F471B28903DF70070E13F /* Resources */ = {
			isa = PBXResourcesBuildPhase;
			buildActionMask = 2147483647;
			files = (
			);
			runOnlyForDeploymentPostprocessing = 0;
		};
		B83F472528903DF70070E13F /* Resources */ = {
			isa = PBXResourcesBuildPhase;
			buildActionMask = 2147483647;
			files = (
			);
			runOnlyForDeploymentPostprocessing = 0;
		};
/* End PBXResourcesBuildPhase section */

/* Begin PBXSourcesBuildPhase section */
		B83F470328903DF50070E13F /* Sources */ = {
			isa = PBXSourcesBuildPhase;
			buildActionMask = 2147483647;
			files = (
				B83F470B28903DF50070E13F /* AppDelegate.swift in Sources */,
				B83F470D28903DF50070E13F /* SceneDelegate.swift in Sources */,
				B8A63EDB2894A9A1006F9981 /* EndPoint.swift in Sources */,
				B8A63ED92894A993006F9981 /* Constans.swift in Sources */,
				B8A63ED22893E4B8006F9981 /* AgentsListEntity.swift in Sources */,
				B8A63ED42893E4C9006F9981 /* AgentsRouter.swift in Sources */,
				B8A63ECE2893E49F006F9981 /* AgentsInteractor.swift in Sources */,
				B8A63ECC2893E492006F9981 /* AgentsViewController.swift in Sources */,
				B8A63ED02893E4AB006F9981 /* AgentsPresenter.swift in Sources */,
				B8A63ED62894A8AF006F9981 /* Protocols.swift in Sources */,
			);
			runOnlyForDeploymentPostprocessing = 0;
		};
		B83F471928903DF70070E13F /* Sources */ = {
			isa = PBXSourcesBuildPhase;
			buildActionMask = 2147483647;
			files = (
				B83F472228903DF70070E13F /* ValorantGuideTests.swift in Sources */,
			);
			runOnlyForDeploymentPostprocessing = 0;
		};
		B83F472328903DF70070E13F /* Sources */ = {
			isa = PBXSourcesBuildPhase;
			buildActionMask = 2147483647;
			files = (
				B83F472E28903DF70070E13F /* ValorantGuideUITestsLaunchTests.swift in Sources */,
				B83F472C28903DF70070E13F /* ValorantGuideUITests.swift in Sources */,
			);
			runOnlyForDeploymentPostprocessing = 0;
		};
/* End PBXSourcesBuildPhase section */

/* Begin PBXTargetDependency section */
		B83F471F28903DF70070E13F /* PBXTargetDependency */ = {
			isa = PBXTargetDependency;
			target = B83F470628903DF50070E13F /* ValorantGuide */;
			targetProxy = B83F471E28903DF70070E13F /* PBXContainerItemProxy */;
		};
		B83F472928903DF70070E13F /* PBXTargetDependency */ = {
			isa = PBXTargetDependency;
			target = B83F470628903DF50070E13F /* ValorantGuide */;
			targetProxy = B83F472828903DF70070E13F /* PBXContainerItemProxy */;
		};
/* End PBXTargetDependency section */

/* Begin PBXVariantGroup section */
		B83F471028903DF50070E13F /* Main.storyboard */ = {
			isa = PBXVariantGroup;
			children = (
				B83F471128903DF50070E13F /* Base */,
			);
			name = Main.storyboard;
			sourceTree = "<group>";
		};
		B83F471528903DF70070E13F /* LaunchScreen.storyboard */ = {
			isa = PBXVariantGroup;
			children = (
				B83F471628903DF70070E13F /* Base */,
			);
			name = LaunchScreen.storyboard;
			sourceTree = "<group>";
		};
/* End PBXVariantGroup section */

/* Begin XCBuildConfiguration section */
		B83F472F28903DF70070E13F /* Debug */ = {
			isa = XCBuildConfiguration;
			buildSettings = {
				ALWAYS_SEARCH_USER_PATHS = NO;
				CLANG_ANALYZER_NONNULL = YES;
				CLANG_ANALYZER_NUMBER_OBJECT_CONVERSION = YES_AGGRESSIVE;
				CLANG_CXX_LANGUAGE_STANDARD = "gnu++17";
				CLANG_ENABLE_MODULES = YES;
				CLANG_ENABLE_OBJC_ARC = YES;
				CLANG_ENABLE_OBJC_WEAK = YES;
				CLANG_WARN_BLOCK_CAPTURE_AUTORELEASING = YES;
				CLANG_WARN_BOOL_CONVERSION = YES;
				CLANG_WARN_COMMA = YES;
				CLANG_WARN_CONSTANT_CONVERSION = YES;
				CLANG_WARN_DEPRECATED_OBJC_IMPLEMENTATIONS = YES;
				CLANG_WARN_DIRECT_OBJC_ISA_USAGE = YES_ERROR;
				CLANG_WARN_DOCUMENTATION_COMMENTS = YES;
				CLANG_WARN_EMPTY_BODY = YES;
				CLANG_WARN_ENUM_CONVERSION = YES;
				CLANG_WARN_INFINITE_RECURSION = YES;
				CLANG_WARN_INT_CONVERSION = YES;
				CLANG_WARN_NON_LITERAL_NULL_CONVERSION = YES;
				CLANG_WARN_OBJC_IMPLICIT_RETAIN_SELF = YES;
				CLANG_WARN_OBJC_LITERAL_CONVERSION = YES;
				CLANG_WARN_OBJC_ROOT_CLASS = YES_ERROR;
				CLANG_WARN_QUOTED_INCLUDE_IN_FRAMEWORK_HEADER = YES;
				CLANG_WARN_RANGE_LOOP_ANALYSIS = YES;
				CLANG_WARN_STRICT_PROTOTYPES = YES;
				CLANG_WARN_SUSPICIOUS_MOVE = YES;
				CLANG_WARN_UNGUARDED_AVAILABILITY = YES_AGGRESSIVE;
				CLANG_WARN_UNREACHABLE_CODE = YES;
				CLANG_WARN__DUPLICATE_METHOD_MATCH = YES;
				COPY_PHASE_STRIP = NO;
				DEBUG_INFORMATION_FORMAT = dwarf;
				ENABLE_STRICT_OBJC_MSGSEND = YES;
				ENABLE_TESTABILITY = YES;
				GCC_C_LANGUAGE_STANDARD = gnu11;
				GCC_DYNAMIC_NO_PIC = NO;
				GCC_NO_COMMON_BLOCKS = YES;
				GCC_OPTIMIZATION_LEVEL = 0;
				GCC_PREPROCESSOR_DEFINITIONS = (
					"DEBUG=1",
					"$(inherited)",
				);
				GCC_WARN_64_TO_32_BIT_CONVERSION = YES;
				GCC_WARN_ABOUT_RETURN_TYPE = YES_ERROR;
				GCC_WARN_UNDECLARED_SELECTOR = YES;
				GCC_WARN_UNINITIALIZED_AUTOS = YES_AGGRESSIVE;
				GCC_WARN_UNUSED_FUNCTION = YES;
				GCC_WARN_UNUSED_VARIABLE = YES;
				IPHONEOS_DEPLOYMENT_TARGET = 15.5;
				MTL_ENABLE_DEBUG_INFO = INCLUDE_SOURCE;
				MTL_FAST_MATH = YES;
				ONLY_ACTIVE_ARCH = YES;
				SDKROOT = iphoneos;
				SWIFT_ACTIVE_COMPILATION_CONDITIONS = DEBUG;
				SWIFT_OPTIMIZATION_LEVEL = "-Onone";
			};
			name = Debug;
		};
		B83F473028903DF70070E13F /* Release */ = {
			isa = XCBuildConfiguration;
			buildSettings = {
				ALWAYS_SEARCH_USER_PATHS = NO;
				CLANG_ANALYZER_NONNULL = YES;
				CLANG_ANALYZER_NUMBER_OBJECT_CONVERSION = YES_AGGRESSIVE;
				CLANG_CXX_LANGUAGE_STANDARD = "gnu++17";
				CLANG_ENABLE_MODULES = YES;
				CLANG_ENABLE_OBJC_ARC = YES;
				CLANG_ENABLE_OBJC_WEAK = YES;
				CLANG_WARN_BLOCK_CAPTURE_AUTORELEASING = YES;
				CLANG_WARN_BOOL_CONVERSION = YES;
				CLANG_WARN_COMMA = YES;
				CLANG_WARN_CONSTANT_CONVERSION = YES;
				CLANG_WARN_DEPRECATED_OBJC_IMPLEMENTATIONS = YES;
				CLANG_WARN_DIRECT_OBJC_ISA_USAGE = YES_ERROR;
				CLANG_WARN_DOCUMENTATION_COMMENTS = YES;
				CLANG_WARN_EMPTY_BODY = YES;
				CLANG_WARN_ENUM_CONVERSION = YES;
				CLANG_WARN_INFINITE_RECURSION = YES;
				CLANG_WARN_INT_CONVERSION = YES;
				CLANG_WARN_NON_LITERAL_NULL_CONVERSION = YES;
				CLANG_WARN_OBJC_IMPLICIT_RETAIN_SELF = YES;
				CLANG_WARN_OBJC_LITERAL_CONVERSION = YES;
				CLANG_WARN_OBJC_ROOT_CLASS = YES_ERROR;
				CLANG_WARN_QUOTED_INCLUDE_IN_FRAMEWORK_HEADER = YES;
				CLANG_WARN_RANGE_LOOP_ANALYSIS = YES;
				CLANG_WARN_STRICT_PROTOTYPES = YES;
				CLANG_WARN_SUSPICIOUS_MOVE = YES;
				CLANG_WARN_UNGUARDED_AVAILABILITY = YES_AGGRESSIVE;
				CLANG_WARN_UNREACHABLE_CODE = YES;
				CLANG_WARN__DUPLICATE_METHOD_MATCH = YES;
				COPY_PHASE_STRIP = NO;
				DEBUG_INFORMATION_FORMAT = "dwarf-with-dsym";
				ENABLE_NS_ASSERTIONS = NO;
				ENABLE_STRICT_OBJC_MSGSEND = YES;
				GCC_C_LANGUAGE_STANDARD = gnu11;
				GCC_NO_COMMON_BLOCKS = YES;
				GCC_WARN_64_TO_32_BIT_CONVERSION = YES;
				GCC_WARN_ABOUT_RETURN_TYPE = YES_ERROR;
				GCC_WARN_UNDECLARED_SELECTOR = YES;
				GCC_WARN_UNINITIALIZED_AUTOS = YES_AGGRESSIVE;
				GCC_WARN_UNUSED_FUNCTION = YES;
				GCC_WARN_UNUSED_VARIABLE = YES;
				IPHONEOS_DEPLOYMENT_TARGET = 15.5;
				MTL_ENABLE_DEBUG_INFO = NO;
				MTL_FAST_MATH = YES;
				SDKROOT = iphoneos;
				SWIFT_COMPILATION_MODE = wholemodule;
				SWIFT_OPTIMIZATION_LEVEL = "-O";
				VALIDATE_PRODUCT = YES;
			};
			name = Release;
		};
		B83F473228903DF70070E13F /* Debug */ = {
			isa = XCBuildConfiguration;
			buildSettings = {
				ASSETCATALOG_COMPILER_APPICON_NAME = AppIcon;
				ASSETCATALOG_COMPILER_GLOBAL_ACCENT_COLOR_NAME = AccentColor;
				CODE_SIGN_STYLE = Automatic;
				CURRENT_PROJECT_VERSION = 1;
				DEVELOPMENT_TEAM = 9XS6X5TT86;
				GENERATE_INFOPLIST_FILE = YES;
				INFOPLIST_FILE = ValorantGuide/Info.plist;
				INFOPLIST_KEY_UIApplicationSupportsIndirectInputEvents = YES;
				INFOPLIST_KEY_UILaunchStoryboardName = LaunchScreen;
				INFOPLIST_KEY_UIMainStoryboardFile = Main;
				INFOPLIST_KEY_UISupportedInterfaceOrientations_iPad = "UIInterfaceOrientationPortrait UIInterfaceOrientationPortraitUpsideDown UIInterfaceOrientationLandscapeLeft UIInterfaceOrientationLandscapeRight";
				INFOPLIST_KEY_UISupportedInterfaceOrientations_iPhone = "UIInterfaceOrientationPortrait UIInterfaceOrientationLandscapeLeft UIInterfaceOrientationLandscapeRight";
				LD_RUNPATH_SEARCH_PATHS = (
					"$(inherited)",
					"@executable_path/Frameworks",
				);
				MARKETING_VERSION = 1.0;
				PRODUCT_BUNDLE_IDENTIFIER = mateusz.ValorantGuide;
				PRODUCT_NAME = "$(TARGET_NAME)";
				SWIFT_EMIT_LOC_STRINGS = YES;
				SWIFT_VERSION = 5.0;
				TARGETED_DEVICE_FAMILY = "1,2";
			};
			name = Debug;
		};
		B83F473328903DF70070E13F /* Release */ = {
			isa = XCBuildConfiguration;
			buildSettings = {
				ASSETCATALOG_COMPILER_APPICON_NAME = AppIcon;
				ASSETCATALOG_COMPILER_GLOBAL_ACCENT_COLOR_NAME = AccentColor;
				CODE_SIGN_STYLE = Automatic;
				CURRENT_PROJECT_VERSION = 1;
				DEVELOPMENT_TEAM = 9XS6X5TT86;
				GENERATE_INFOPLIST_FILE = YES;
				INFOPLIST_FILE = ValorantGuide/Info.plist;
				INFOPLIST_KEY_UIApplicationSupportsIndirectInputEvents = YES;
				INFOPLIST_KEY_UILaunchStoryboardName = LaunchScreen;
				INFOPLIST_KEY_UIMainStoryboardFile = Main;
				INFOPLIST_KEY_UISupportedInterfaceOrientations_iPad = "UIInterfaceOrientationPortrait UIInterfaceOrientationPortraitUpsideDown UIInterfaceOrientationLandscapeLeft UIInterfaceOrientationLandscapeRight";
				INFOPLIST_KEY_UISupportedInterfaceOrientations_iPhone = "UIInterfaceOrientationPortrait UIInterfaceOrientationLandscapeLeft UIInterfaceOrientationLandscapeRight";
				LD_RUNPATH_SEARCH_PATHS = (
					"$(inherited)",
					"@executable_path/Frameworks",
				);
				MARKETING_VERSION = 1.0;
				PRODUCT_BUNDLE_IDENTIFIER = mateusz.ValorantGuide;
				PRODUCT_NAME = "$(TARGET_NAME)";
				SWIFT_EMIT_LOC_STRINGS = YES;
				SWIFT_VERSION = 5.0;
				TARGETED_DEVICE_FAMILY = "1,2";
			};
			name = Release;
		};
		B83F473528903DF70070E13F /* Debug */ = {
			isa = XCBuildConfiguration;
			buildSettings = {
				ALWAYS_EMBED_SWIFT_STANDARD_LIBRARIES = YES;
				BUNDLE_LOADER = "$(TEST_HOST)";
				CODE_SIGN_STYLE = Automatic;
				CURRENT_PROJECT_VERSION = 1;
				DEVELOPMENT_TEAM = 9XS6X5TT86;
				GENERATE_INFOPLIST_FILE = YES;
				IPHONEOS_DEPLOYMENT_TARGET = 15.5;
				MARKETING_VERSION = 1.0;
				PRODUCT_BUNDLE_IDENTIFIER = mateusz.ValorantGuideTests;
				PRODUCT_NAME = "$(TARGET_NAME)";
				SWIFT_EMIT_LOC_STRINGS = NO;
				SWIFT_VERSION = 5.0;
				TARGETED_DEVICE_FAMILY = "1,2";
				TEST_HOST = "$(BUILT_PRODUCTS_DIR)/ValorantGuide.app/ValorantGuide";
			};
			name = Debug;
		};
		B83F473628903DF70070E13F /* Release */ = {
			isa = XCBuildConfiguration;
			buildSettings = {
				ALWAYS_EMBED_SWIFT_STANDARD_LIBRARIES = YES;
				BUNDLE_LOADER = "$(TEST_HOST)";
				CODE_SIGN_STYLE = Automatic;
				CURRENT_PROJECT_VERSION = 1;
				DEVELOPMENT_TEAM = 9XS6X5TT86;
				GENERATE_INFOPLIST_FILE = YES;
				IPHONEOS_DEPLOYMENT_TARGET = 15.5;
				MARKETING_VERSION = 1.0;
				PRODUCT_BUNDLE_IDENTIFIER = mateusz.ValorantGuideTests;
				PRODUCT_NAME = "$(TARGET_NAME)";
				SWIFT_EMIT_LOC_STRINGS = NO;
				SWIFT_VERSION = 5.0;
				TARGETED_DEVICE_FAMILY = "1,2";
				TEST_HOST = "$(BUILT_PRODUCTS_DIR)/ValorantGuide.app/ValorantGuide";
			};
			name = Release;
		};
		B83F473828903DF70070E13F /* Debug */ = {
			isa = XCBuildConfiguration;
			buildSettings = {
				ALWAYS_EMBED_SWIFT_STANDARD_LIBRARIES = YES;
				CODE_SIGN_STYLE = Automatic;
				CURRENT_PROJECT_VERSION = 1;
				DEVELOPMENT_TEAM = 9XS6X5TT86;
				GENERATE_INFOPLIST_FILE = YES;
				MARKETING_VERSION = 1.0;
				PRODUCT_BUNDLE_IDENTIFIER = mateusz.ValorantGuideUITests;
				PRODUCT_NAME = "$(TARGET_NAME)";
				SWIFT_EMIT_LOC_STRINGS = NO;
				SWIFT_VERSION = 5.0;
				TARGETED_DEVICE_FAMILY = "1,2";
				TEST_TARGET_NAME = ValorantGuide;
			};
			name = Debug;
		};
		B83F473928903DF70070E13F /* Release */ = {
			isa = XCBuildConfiguration;
			buildSettings = {
				ALWAYS_EMBED_SWIFT_STANDARD_LIBRARIES = YES;
				CODE_SIGN_STYLE = Automatic;
				CURRENT_PROJECT_VERSION = 1;
				DEVELOPMENT_TEAM = 9XS6X5TT86;
				GENERATE_INFOPLIST_FILE = YES;
				MARKETING_VERSION = 1.0;
				PRODUCT_BUNDLE_IDENTIFIER = mateusz.ValorantGuideUITests;
				PRODUCT_NAME = "$(TARGET_NAME)";
				SWIFT_EMIT_LOC_STRINGS = NO;
				SWIFT_VERSION = 5.0;
				TARGETED_DEVICE_FAMILY = "1,2";
				TEST_TARGET_NAME = ValorantGuide;
			};
			name = Release;
		};
/* End XCBuildConfiguration section */

/* Begin XCConfigurationList section */
		B83F470228903DF50070E13F /* Build configuration list for PBXProject "ValorantGuide" */ = {
			isa = XCConfigurationList;
			buildConfigurations = (
				B83F472F28903DF70070E13F /* Debug */,
				B83F473028903DF70070E13F /* Release */,
			);
			defaultConfigurationIsVisible = 0;
			defaultConfigurationName = Release;
		};
		B83F473128903DF70070E13F /* Build configuration list for PBXNativeTarget "ValorantGuide" */ = {
			isa = XCConfigurationList;
			buildConfigurations = (
				B83F473228903DF70070E13F /* Debug */,
				B83F473328903DF70070E13F /* Release */,
			);
			defaultConfigurationIsVisible = 0;
			defaultConfigurationName = Release;
		};
		B83F473428903DF70070E13F /* Build configuration list for PBXNativeTarget "ValorantGuideTests" */ = {
			isa = XCConfigurationList;
			buildConfigurations = (
				B83F473528903DF70070E13F /* Debug */,
				B83F473628903DF70070E13F /* Release */,
			);
			defaultConfigurationIsVisible = 0;
			defaultConfigurationName = Release;
		};
		B83F473728903DF70070E13F /* Build configuration list for PBXNativeTarget "ValorantGuideUITests" */ = {
			isa = XCConfigurationList;
			buildConfigurations = (
				B83F473828903DF70070E13F /* Debug */,
				B83F473928903DF70070E13F /* Release */,
			);
			defaultConfigurationIsVisible = 0;
			defaultConfigurationName = Release;
		};
/* End XCConfigurationList section */
	};
	rootObject = B83F46FF28903DF50070E13F /* Project object */;
}
