// !$*UTF8*$!
{
	archiveVersion = 1;
	classes = {
	};
	objectVersion = 55;
	objects = {

/* Begin PBXBuildFile section */
		B821880128D1E898007B39AF /* WeaponSkinsProtocol.swift in Sources */ = {isa = PBXBuildFile; fileRef = B821880028D1E897007B39AF /* WeaponSkinsProtocol.swift */; };
		B821880328D1E8BC007B39AF /* WeaponSkinsInteractor.swift in Sources */ = {isa = PBXBuildFile; fileRef = B821880228D1E8BC007B39AF /* WeaponSkinsInteractor.swift */; };
		B821880528D1E8CE007B39AF /* WeaponSkinsPresenter.swift in Sources */ = {isa = PBXBuildFile; fileRef = B821880428D1E8CE007B39AF /* WeaponSkinsPresenter.swift */; };
		B821880728D1E8E7007B39AF /* WeaponSkinsEntity.swift in Sources */ = {isa = PBXBuildFile; fileRef = B821880628D1E8E7007B39AF /* WeaponSkinsEntity.swift */; };
		B821880A28D1E900007B39AF /* WeaponSkinsViewController.swift in Sources */ = {isa = PBXBuildFile; fileRef = B821880928D1E900007B39AF /* WeaponSkinsViewController.swift */; };
		B83F470B28903DF50070E13F /* AppDelegate.swift in Sources */ = {isa = PBXBuildFile; fileRef = B83F470A28903DF50070E13F /* AppDelegate.swift */; };
		B83F470D28903DF50070E13F /* SceneDelegate.swift in Sources */ = {isa = PBXBuildFile; fileRef = B83F470C28903DF50070E13F /* SceneDelegate.swift */; };
		B83F471428903DF70070E13F /* Assets.xcassets in Resources */ = {isa = PBXBuildFile; fileRef = B83F471328903DF70070E13F /* Assets.xcassets */; };
		B83F472228903DF70070E13F /* ValorantGuideTests.swift in Sources */ = {isa = PBXBuildFile; fileRef = B83F472128903DF70070E13F /* ValorantGuideTests.swift */; };
		B83F472C28903DF70070E13F /* ValorantGuideUITests.swift in Sources */ = {isa = PBXBuildFile; fileRef = B83F472B28903DF70070E13F /* ValorantGuideUITests.swift */; };
		B83F472E28903DF70070E13F /* ValorantGuideUITestsLaunchTests.swift in Sources */ = {isa = PBXBuildFile; fileRef = B83F472D28903DF70070E13F /* ValorantGuideUITestsLaunchTests.swift */; };
		B84405F728955E5C00609B95 /* AgentsTableViewCell.swift in Sources */ = {isa = PBXBuildFile; fileRef = B84405F628955E5C00609B95 /* AgentsTableViewCell.swift */; };
		B84405FA2895696D00609B95 /* UIViewExtension.swift in Sources */ = {isa = PBXBuildFile; fileRef = B84405F92895696D00609B95 /* UIViewExtension.swift */; };
		B84405FC2895F57E00609B95 /* Colors.swift in Sources */ = {isa = PBXBuildFile; fileRef = B84405FB2895F57E00609B95 /* Colors.swift */; };
		B84405FF2896B70C00609B95 /* AgentsDetailViewController.swift in Sources */ = {isa = PBXBuildFile; fileRef = B84405FE2896B70C00609B95 /* AgentsDetailViewController.swift */; };
		B84406012896C7FB00609B95 /* AgentDetailViewRouter.swift in Sources */ = {isa = PBXBuildFile; fileRef = B84406002896C7FB00609B95 /* AgentDetailViewRouter.swift */; };
		B84406032896C83500609B95 /* AgentsDetailViewProtocols.swift in Sources */ = {isa = PBXBuildFile; fileRef = B84406022896C83500609B95 /* AgentsDetailViewProtocols.swift */; };
		B84406052896C83F00609B95 /* AgentsDetailViewPresenter.swift in Sources */ = {isa = PBXBuildFile; fileRef = B84406042896C83F00609B95 /* AgentsDetailViewPresenter.swift */; };
		B844060F289E0F4F00609B95 /* UILabels.swift in Sources */ = {isa = PBXBuildFile; fileRef = B844060E289E0F4F00609B95 /* UILabels.swift */; };
		B844061128A0911D00609B95 /* Containers.swift in Sources */ = {isa = PBXBuildFile; fileRef = B844061028A0911D00609B95 /* Containers.swift */; };
		B844061328A0916A00609B95 /* UIImage.swift in Sources */ = {isa = PBXBuildFile; fileRef = B844061228A0916A00609B95 /* UIImage.swift */; };
		B844061528A09D2000609B95 /* UIImageViewExtension.swift in Sources */ = {isa = PBXBuildFile; fileRef = B844061428A09D2000609B95 /* UIImageViewExtension.swift */; };
		B844061828A0A1BA00609B95 /* LoadingScreenView.swift in Sources */ = {isa = PBXBuildFile; fileRef = B844061728A0A1BA00609B95 /* LoadingScreenView.swift */; };
		B844061A28A1CB2900609B95 /* Animation.swift in Sources */ = {isa = PBXBuildFile; fileRef = B844061928A1CB2900609B95 /* Animation.swift */; };
		B88C5A0E28A3BD2F00D461AC /* MainViewController.swift in Sources */ = {isa = PBXBuildFile; fileRef = B88C5A0D28A3BD2F00D461AC /* MainViewController.swift */; };
		B88C5A1028A3C23100D461AC /* MainViewTableViewCell.swift in Sources */ = {isa = PBXBuildFile; fileRef = B88C5A0F28A3C23100D461AC /* MainViewTableViewCell.swift */; };
		B88C5A1328A3CEFA00D461AC /* HeaderUIView.swift in Sources */ = {isa = PBXBuildFile; fileRef = B88C5A1228A3CEFA00D461AC /* HeaderUIView.swift */; };
		B88C5A1528A3E57300D461AC /* MainViewEntity.swift in Sources */ = {isa = PBXBuildFile; fileRef = B88C5A1428A3E57300D461AC /* MainViewEntity.swift */; };
		B88C5A1728A3F92C00D461AC /* TitleCollectionMainViewCell.swift in Sources */ = {isa = PBXBuildFile; fileRef = B88C5A1628A3F92C00D461AC /* TitleCollectionMainViewCell.swift */; };
		B88C5A1928A4025600D461AC /* Common.swift in Sources */ = {isa = PBXBuildFile; fileRef = B88C5A1828A4025600D461AC /* Common.swift */; };
		B88C5A1C28A404C200D461AC /* MainViewProtocols.swift in Sources */ = {isa = PBXBuildFile; fileRef = B88C5A1B28A404C200D461AC /* MainViewProtocols.swift */; };
		B88C5A1E28A404D500D461AC /* MainViewRouter.swift in Sources */ = {isa = PBXBuildFile; fileRef = B88C5A1D28A404D500D461AC /* MainViewRouter.swift */; };
		B88C5A2028A404EB00D461AC /* MainViewInteractor.swift in Sources */ = {isa = PBXBuildFile; fileRef = B88C5A1F28A404EB00D461AC /* MainViewInteractor.swift */; };
		B88C5A2228A409D400D461AC /* MainViewPresenter.swift in Sources */ = {isa = PBXBuildFile; fileRef = B88C5A2128A409D400D461AC /* MainViewPresenter.swift */; };
		B88C5A2428AC06EF00D461AC /* LoadingScreenRouter.swift in Sources */ = {isa = PBXBuildFile; fileRef = B88C5A2328AC06EF00D461AC /* LoadingScreenRouter.swift */; };
		B88C5A2628AC070200D461AC /* LoadingScrenProtocols.swift in Sources */ = {isa = PBXBuildFile; fileRef = B88C5A2528AC070200D461AC /* LoadingScrenProtocols.swift */; };
		B88C5A2828AC071700D461AC /* LoadingScreenPresenter.swift in Sources */ = {isa = PBXBuildFile; fileRef = B88C5A2728AC071700D461AC /* LoadingScreenPresenter.swift */; };
		B88C5A3028AF1EBF00D461AC /* DrawAgentsView.swift in Sources */ = {isa = PBXBuildFile; fileRef = B88C5A2F28AF1EBF00D461AC /* DrawAgentsView.swift */; };
		B88C5A3228AF1EC900D461AC /* DrawAgentsProtocols.swift in Sources */ = {isa = PBXBuildFile; fileRef = B88C5A3128AF1EC900D461AC /* DrawAgentsProtocols.swift */; };
		B88C5A3428AF1ED500D461AC /* DrawAgentsInteractor.swift in Sources */ = {isa = PBXBuildFile; fileRef = B88C5A3328AF1ED500D461AC /* DrawAgentsInteractor.swift */; };
		B88C5A3628AF1EDE00D461AC /* DrawAgentsPresenter.swift in Sources */ = {isa = PBXBuildFile; fileRef = B88C5A3528AF1EDE00D461AC /* DrawAgentsPresenter.swift */; };
		B88C5A3828AF1EE900D461AC /* DrawAgentsRouter.swift in Sources */ = {isa = PBXBuildFile; fileRef = B88C5A3728AF1EE900D461AC /* DrawAgentsRouter.swift */; };
		B8A63ECC2893E492006F9981 /* AgentsTableViewController.swift in Sources */ = {isa = PBXBuildFile; fileRef = B8A63ECB2893E492006F9981 /* AgentsTableViewController.swift */; };
		B8A63ECE2893E49F006F9981 /* AgentsInteractor.swift in Sources */ = {isa = PBXBuildFile; fileRef = B8A63ECD2893E49F006F9981 /* AgentsInteractor.swift */; };
		B8A63ED02893E4AB006F9981 /* AgentsPresenter.swift in Sources */ = {isa = PBXBuildFile; fileRef = B8A63ECF2893E4AB006F9981 /* AgentsPresenter.swift */; };
		B8A63ED22893E4B8006F9981 /* AgentsListEntity.swift in Sources */ = {isa = PBXBuildFile; fileRef = B8A63ED12893E4B8006F9981 /* AgentsListEntity.swift */; };
		B8A63ED42893E4C9006F9981 /* AgentsRouter.swift in Sources */ = {isa = PBXBuildFile; fileRef = B8A63ED32893E4C9006F9981 /* AgentsRouter.swift */; };
		B8A63ED62894A8AF006F9981 /* AgentsProtocols.swift in Sources */ = {isa = PBXBuildFile; fileRef = B8A63ED52894A8AF006F9981 /* AgentsProtocols.swift */; };
		B8A63ED92894A993006F9981 /* Constans.swift in Sources */ = {isa = PBXBuildFile; fileRef = B8A63ED82894A993006F9981 /* Constans.swift */; };
		B8A63EDB2894A9A1006F9981 /* EntryPoint.swift in Sources */ = {isa = PBXBuildFile; fileRef = B8A63EDA2894A9A1006F9981 /* EntryPoint.swift */; };
		DBC8CD50449F2CC42DB49BAF /* Pods_ValorantGuide.framework in Frameworks */ = {isa = PBXBuildFile; fileRef = 0BE3411C3D8F8D7193A5961F /* Pods_ValorantGuide.framework */; };
/* End PBXBuildFile section */

/* Begin PBXContainerItemProxy section */
		B83F471E28903DF70070E13F /* PBXContainerItemProxy */ = {
			isa = PBXContainerItemProxy;
			containerPortal = B83F46FF28903DF50070E13F /* Project object */;
			proxyType = 1;
			remoteGlobalIDString = B83F470628903DF50070E13F;
			remoteInfo = ValorantGuide;
		};
		B83F472828903DF70070E13F /* PBXContainerItemProxy */ = {
			isa = PBXContainerItemProxy;
			containerPortal = B83F46FF28903DF50070E13F /* Project object */;
			proxyType = 1;
			remoteGlobalIDString = B83F470628903DF50070E13F;
			remoteInfo = ValorantGuide;
		};
/* End PBXContainerItemProxy section */

/* Begin PBXFileReference section */
		0BE3411C3D8F8D7193A5961F /* Pods_ValorantGuide.framework */ = {isa = PBXFileReference; explicitFileType = wrapper.framework; includeInIndex = 0; path = Pods_ValorantGuide.framework; sourceTree = BUILT_PRODUCTS_DIR; };
		65F58EE8CAAE1E309EFDCA4A /* Pods-ValorantGuide.release.xcconfig */ = {isa = PBXFileReference; includeInIndex = 1; lastKnownFileType = text.xcconfig; name = "Pods-ValorantGuide.release.xcconfig"; path = "Target Support Files/Pods-ValorantGuide/Pods-ValorantGuide.release.xcconfig"; sourceTree = "<group>"; };
		9AF3A5863E6E558787DE975A /* Pods-ValorantGuide.debug.xcconfig */ = {isa = PBXFileReference; includeInIndex = 1; lastKnownFileType = text.xcconfig; name = "Pods-ValorantGuide.debug.xcconfig"; path = "Target Support Files/Pods-ValorantGuide/Pods-ValorantGuide.debug.xcconfig"; sourceTree = "<group>"; };
		B821880028D1E897007B39AF /* WeaponSkinsProtocol.swift */ = {isa = PBXFileReference; lastKnownFileType = sourcecode.swift; path = WeaponSkinsProtocol.swift; sourceTree = "<group>"; };
		B821880228D1E8BC007B39AF /* WeaponSkinsInteractor.swift */ = {isa = PBXFileReference; lastKnownFileType = sourcecode.swift; path = WeaponSkinsInteractor.swift; sourceTree = "<group>"; };
		B821880428D1E8CE007B39AF /* WeaponSkinsPresenter.swift */ = {isa = PBXFileReference; lastKnownFileType = sourcecode.swift; path = WeaponSkinsPresenter.swift; sourceTree = "<group>"; };
		B821880628D1E8E7007B39AF /* WeaponSkinsEntity.swift */ = {isa = PBXFileReference; lastKnownFileType = sourcecode.swift; path = WeaponSkinsEntity.swift; sourceTree = "<group>"; };
		B821880928D1E900007B39AF /* WeaponSkinsViewController.swift */ = {isa = PBXFileReference; lastKnownFileType = sourcecode.swift; path = WeaponSkinsViewController.swift; sourceTree = "<group>"; };
		B83F470728903DF50070E13F /* ValorantGuide.app */ = {isa = PBXFileReference; explicitFileType = wrapper.application; includeInIndex = 0; path = ValorantGuide.app; sourceTree = BUILT_PRODUCTS_DIR; };
		B83F470A28903DF50070E13F /* AppDelegate.swift */ = {isa = PBXFileReference; lastKnownFileType = sourcecode.swift; path = AppDelegate.swift; sourceTree = "<group>"; };
		B83F470C28903DF50070E13F /* SceneDelegate.swift */ = {isa = PBXFileReference; lastKnownFileType = sourcecode.swift; path = SceneDelegate.swift; sourceTree = "<group>"; };
		B83F471328903DF70070E13F /* Assets.xcassets */ = {isa = PBXFileReference; lastKnownFileType = folder.assetcatalog; path = Assets.xcassets; sourceTree = "<group>"; };
		B83F471828903DF70070E13F /* Info.plist */ = {isa = PBXFileReference; lastKnownFileType = text.plist.xml; path = Info.plist; sourceTree = "<group>"; };
		B83F471D28903DF70070E13F /* ValorantGuideTests.xctest */ = {isa = PBXFileReference; explicitFileType = wrapper.cfbundle; includeInIndex = 0; path = ValorantGuideTests.xctest; sourceTree = BUILT_PRODUCTS_DIR; };
		B83F472128903DF70070E13F /* ValorantGuideTests.swift */ = {isa = PBXFileReference; lastKnownFileType = sourcecode.swift; path = ValorantGuideTests.swift; sourceTree = "<group>"; };
		B83F472728903DF70070E13F /* ValorantGuideUITests.xctest */ = {isa = PBXFileReference; explicitFileType = wrapper.cfbundle; includeInIndex = 0; path = ValorantGuideUITests.xctest; sourceTree = BUILT_PRODUCTS_DIR; };
		B83F472B28903DF70070E13F /* ValorantGuideUITests.swift */ = {isa = PBXFileReference; lastKnownFileType = sourcecode.swift; path = ValorantGuideUITests.swift; sourceTree = "<group>"; };
		B83F472D28903DF70070E13F /* ValorantGuideUITestsLaunchTests.swift */ = {isa = PBXFileReference; lastKnownFileType = sourcecode.swift; path = ValorantGuideUITestsLaunchTests.swift; sourceTree = "<group>"; };
		B84405F628955E5C00609B95 /* AgentsTableViewCell.swift */ = {isa = PBXFileReference; lastKnownFileType = sourcecode.swift; path = AgentsTableViewCell.swift; sourceTree = "<group>"; };
		B84405F92895696D00609B95 /* UIViewExtension.swift */ = {isa = PBXFileReference; lastKnownFileType = sourcecode.swift; path = UIViewExtension.swift; sourceTree = "<group>"; };
		B84405FB2895F57E00609B95 /* Colors.swift */ = {isa = PBXFileReference; lastKnownFileType = sourcecode.swift; path = Colors.swift; sourceTree = "<group>"; };
		B84405FE2896B70C00609B95 /* AgentsDetailViewController.swift */ = {isa = PBXFileReference; lastKnownFileType = sourcecode.swift; path = AgentsDetailViewController.swift; sourceTree = "<group>"; };
		B84406002896C7FB00609B95 /* AgentDetailViewRouter.swift */ = {isa = PBXFileReference; lastKnownFileType = sourcecode.swift; path = AgentDetailViewRouter.swift; sourceTree = "<group>"; };
		B84406022896C83500609B95 /* AgentsDetailViewProtocols.swift */ = {isa = PBXFileReference; lastKnownFileType = sourcecode.swift; path = AgentsDetailViewProtocols.swift; sourceTree = "<group>"; };
		B84406042896C83F00609B95 /* AgentsDetailViewPresenter.swift */ = {isa = PBXFileReference; lastKnownFileType = sourcecode.swift; path = AgentsDetailViewPresenter.swift; sourceTree = "<group>"; };
		B844060E289E0F4F00609B95 /* UILabels.swift */ = {isa = PBXFileReference; lastKnownFileType = sourcecode.swift; path = UILabels.swift; sourceTree = "<group>"; };
		B844061028A0911D00609B95 /* Containers.swift */ = {isa = PBXFileReference; lastKnownFileType = sourcecode.swift; path = Containers.swift; sourceTree = "<group>"; };
		B844061228A0916A00609B95 /* UIImage.swift */ = {isa = PBXFileReference; lastKnownFileType = sourcecode.swift; path = UIImage.swift; sourceTree = "<group>"; };
		B844061428A09D2000609B95 /* UIImageViewExtension.swift */ = {isa = PBXFileReference; lastKnownFileType = sourcecode.swift; path = UIImageViewExtension.swift; sourceTree = "<group>"; };
		B844061728A0A1BA00609B95 /* LoadingScreenView.swift */ = {isa = PBXFileReference; lastKnownFileType = sourcecode.swift; path = LoadingScreenView.swift; sourceTree = "<group>"; };
		B844061928A1CB2900609B95 /* Animation.swift */ = {isa = PBXFileReference; lastKnownFileType = sourcecode.swift; path = Animation.swift; sourceTree = "<group>"; };
		B88C5A0D28A3BD2F00D461AC /* MainViewController.swift */ = {isa = PBXFileReference; lastKnownFileType = sourcecode.swift; path = MainViewController.swift; sourceTree = "<group>"; };
		B88C5A0F28A3C23100D461AC /* MainViewTableViewCell.swift */ = {isa = PBXFileReference; lastKnownFileType = sourcecode.swift; path = MainViewTableViewCell.swift; sourceTree = "<group>"; };
		B88C5A1228A3CEFA00D461AC /* HeaderUIView.swift */ = {isa = PBXFileReference; lastKnownFileType = sourcecode.swift; path = HeaderUIView.swift; sourceTree = "<group>"; };
		B88C5A1428A3E57300D461AC /* MainViewEntity.swift */ = {isa = PBXFileReference; lastKnownFileType = sourcecode.swift; path = MainViewEntity.swift; sourceTree = "<group>"; };
		B88C5A1628A3F92C00D461AC /* TitleCollectionMainViewCell.swift */ = {isa = PBXFileReference; lastKnownFileType = sourcecode.swift; path = TitleCollectionMainViewCell.swift; sourceTree = "<group>"; };
		B88C5A1828A4025600D461AC /* Common.swift */ = {isa = PBXFileReference; lastKnownFileType = sourcecode.swift; path = Common.swift; sourceTree = "<group>"; };
		B88C5A1B28A404C200D461AC /* MainViewProtocols.swift */ = {isa = PBXFileReference; lastKnownFileType = sourcecode.swift; path = MainViewProtocols.swift; sourceTree = "<group>"; };
		B88C5A1D28A404D500D461AC /* MainViewRouter.swift */ = {isa = PBXFileReference; lastKnownFileType = sourcecode.swift; path = MainViewRouter.swift; sourceTree = "<group>"; };
		B88C5A1F28A404EB00D461AC /* MainViewInteractor.swift */ = {isa = PBXFileReference; lastKnownFileType = sourcecode.swift; path = MainViewInteractor.swift; sourceTree = "<group>"; };
		B88C5A2128A409D400D461AC /* MainViewPresenter.swift */ = {isa = PBXFileReference; lastKnownFileType = sourcecode.swift; path = MainViewPresenter.swift; sourceTree = "<group>"; };
		B88C5A2328AC06EF00D461AC /* LoadingScreenRouter.swift */ = {isa = PBXFileReference; lastKnownFileType = sourcecode.swift; path = LoadingScreenRouter.swift; sourceTree = "<group>"; };
		B88C5A2528AC070200D461AC /* LoadingScrenProtocols.swift */ = {isa = PBXFileReference; lastKnownFileType = sourcecode.swift; path = LoadingScrenProtocols.swift; sourceTree = "<group>"; };
		B88C5A2728AC071700D461AC /* LoadingScreenPresenter.swift */ = {isa = PBXFileReference; lastKnownFileType = sourcecode.swift; path = LoadingScreenPresenter.swift; sourceTree = "<group>"; };
		B88C5A2F28AF1EBF00D461AC /* DrawAgentsView.swift */ = {isa = PBXFileReference; lastKnownFileType = sourcecode.swift; path = DrawAgentsView.swift; sourceTree = "<group>"; };
		B88C5A3128AF1EC900D461AC /* DrawAgentsProtocols.swift */ = {isa = PBXFileReference; lastKnownFileType = sourcecode.swift; path = DrawAgentsProtocols.swift; sourceTree = "<group>"; };
		B88C5A3328AF1ED500D461AC /* DrawAgentsInteractor.swift */ = {isa = PBXFileReference; lastKnownFileType = sourcecode.swift; path = DrawAgentsInteractor.swift; sourceTree = "<group>"; };
		B88C5A3528AF1EDE00D461AC /* DrawAgentsPresenter.swift */ = {isa = PBXFileReference; lastKnownFileType = sourcecode.swift; path = DrawAgentsPresenter.swift; sourceTree = "<group>"; };
		B88C5A3728AF1EE900D461AC /* DrawAgentsRouter.swift */ = {isa = PBXFileReference; lastKnownFileType = sourcecode.swift; path = DrawAgentsRouter.swift; sourceTree = "<group>"; };
		B8A63ECB2893E492006F9981 /* AgentsTableViewController.swift */ = {isa = PBXFileReference; lastKnownFileType = sourcecode.swift; path = AgentsTableViewController.swift; sourceTree = "<group>"; };
		B8A63ECD2893E49F006F9981 /* AgentsInteractor.swift */ = {isa = PBXFileReference; lastKnownFileType = sourcecode.swift; path = AgentsInteractor.swift; sourceTree = "<group>"; };
		B8A63ECF2893E4AB006F9981 /* AgentsPresenter.swift */ = {isa = PBXFileReference; lastKnownFileType = sourcecode.swift; path = AgentsPresenter.swift; sourceTree = "<group>"; };
		B8A63ED12893E4B8006F9981 /* AgentsListEntity.swift */ = {isa = PBXFileReference; lastKnownFileType = sourcecode.swift; path = AgentsListEntity.swift; sourceTree = "<group>"; };
		B8A63ED32893E4C9006F9981 /* AgentsRouter.swift */ = {isa = PBXFileReference; lastKnownFileType = sourcecode.swift; path = AgentsRouter.swift; sourceTree = "<group>"; };
		B8A63ED52894A8AF006F9981 /* AgentsProtocols.swift */ = {isa = PBXFileReference; lastKnownFileType = sourcecode.swift; path = AgentsProtocols.swift; sourceTree = "<group>"; };
		B8A63ED82894A993006F9981 /* Constans.swift */ = {isa = PBXFileReference; lastKnownFileType = sourcecode.swift; path = Constans.swift; sourceTree = "<group>"; };
		B8A63EDA2894A9A1006F9981 /* EntryPoint.swift */ = {isa = PBXFileReference; lastKnownFileType = sourcecode.swift; path = EntryPoint.swift; sourceTree = "<group>"; };
/* End PBXFileReference section */

/* Begin PBXFrameworksBuildPhase section */
		B83F470428903DF50070E13F /* Frameworks */ = {
			isa = PBXFrameworksBuildPhase;
			buildActionMask = 2147483647;
			files = (
				DBC8CD50449F2CC42DB49BAF /* Pods_ValorantGuide.framework in Frameworks */,
			);
			runOnlyForDeploymentPostprocessing = 0;
		};
		B83F471A28903DF70070E13F /* Frameworks */ = {
			isa = PBXFrameworksBuildPhase;
			buildActionMask = 2147483647;
			files = (
			);
			runOnlyForDeploymentPostprocessing = 0;
		};
		B83F472428903DF70070E13F /* Frameworks */ = {
			isa = PBXFrameworksBuildPhase;
			buildActionMask = 2147483647;
			files = (
			);
			runOnlyForDeploymentPostprocessing = 0;
		};
/* End PBXFrameworksBuildPhase section */

/* Begin PBXGroup section */
		1717D0FF73AB812FC89BF29C /* Frameworks */ = {
			isa = PBXGroup;
			children = (
				0BE3411C3D8F8D7193A5961F /* Pods_ValorantGuide.framework */,
			);
			name = Frameworks;
			sourceTree = "<group>";
		};
		9B3C25EF0621BE415CC7072A /* Pods */ = {
			isa = PBXGroup;
			children = (
				9AF3A5863E6E558787DE975A /* Pods-ValorantGuide.debug.xcconfig */,
				65F58EE8CAAE1E309EFDCA4A /* Pods-ValorantGuide.release.xcconfig */,
			);
			path = Pods;
			sourceTree = "<group>";
		};
		B82187FE28C763B0007B39AF /* Services */ = {
			isa = PBXGroup;
			children = (
			);
			path = Services;
			sourceTree = "<group>";
		};
		B82187FF28D1E872007B39AF /* WeaponSkins */ = {
			isa = PBXGroup;
			children = (
				B821880828D1E8EF007B39AF /* View */,
				B821880028D1E897007B39AF /* WeaponSkinsProtocol.swift */,
				B821880228D1E8BC007B39AF /* WeaponSkinsInteractor.swift */,
				B821880428D1E8CE007B39AF /* WeaponSkinsPresenter.swift */,
				B821880628D1E8E7007B39AF /* WeaponSkinsEntity.swift */,
			);
			path = WeaponSkins;
			sourceTree = "<group>";
		};
		B821880828D1E8EF007B39AF /* View */ = {
			isa = PBXGroup;
			children = (
				B821880928D1E900007B39AF /* WeaponSkinsViewController.swift */,
			);
			path = View;
			sourceTree = "<group>";
		};
		B83F46FE28903DF50070E13F = {
			isa = PBXGroup;
			children = (
				B83F470928903DF50070E13F /* ValorantGuide */,
				B83F472028903DF70070E13F /* ValorantGuideTests */,
				B83F472A28903DF70070E13F /* ValorantGuideUITests */,
				B83F470828903DF50070E13F /* Products */,
				9B3C25EF0621BE415CC7072A /* Pods */,
				1717D0FF73AB812FC89BF29C /* Frameworks */,
			);
			sourceTree = "<group>";
		};
		B83F470828903DF50070E13F /* Products */ = {
			isa = PBXGroup;
			children = (
				B83F470728903DF50070E13F /* ValorantGuide.app */,
				B83F471D28903DF70070E13F /* ValorantGuideTests.xctest */,
				B83F472728903DF70070E13F /* ValorantGuideUITests.xctest */,
			);
			name = Products;
			sourceTree = "<group>";
		};
		B83F470928903DF50070E13F /* ValorantGuide */ = {
			isa = PBXGroup;
			children = (
				B82187FF28D1E872007B39AF /* WeaponSkins */,
				B82187FE28C763B0007B39AF /* Services */,
				B844060D2898AF5C00609B95 /* Settings */,
				B8A63ED72894A982006F9981 /* Common */,
				B84405F82895695700609B95 /* Extensions */,
				B88C5A2E28AF1E7E00D461AC /* DrawAgentsView */,
				B844061B28A3BCBA00609B95 /* MainView */,
				B844061628A0A17A00609B95 /* LoadingScreen */,
				B8A63ECA2893E482006F9981 /* AgentsTableView */,
				B84405FD2896B5FE00609B95 /* AgentsDetailView */,
				B83F471328903DF70070E13F /* Assets.xcassets */,
				B83F471828903DF70070E13F /* Info.plist */,
			);
			path = ValorantGuide;
			sourceTree = "<group>";
		};
		B83F472028903DF70070E13F /* ValorantGuideTests */ = {
			isa = PBXGroup;
			children = (
				B83F472128903DF70070E13F /* ValorantGuideTests.swift */,
			);
			path = ValorantGuideTests;
			sourceTree = "<group>";
		};
		B83F472A28903DF70070E13F /* ValorantGuideUITests */ = {
			isa = PBXGroup;
			children = (
				B83F472B28903DF70070E13F /* ValorantGuideUITests.swift */,
				B83F472D28903DF70070E13F /* ValorantGuideUITestsLaunchTests.swift */,
			);
			path = ValorantGuideUITests;
			sourceTree = "<group>";
		};
		B84405F528955E5000609B95 /* View */ = {
			isa = PBXGroup;
			children = (
				B8A63ECB2893E492006F9981 /* AgentsTableViewController.swift */,
				B84405F628955E5C00609B95 /* AgentsTableViewCell.swift */,
			);
			path = View;
			sourceTree = "<group>";
		};
		B84405F82895695700609B95 /* Extensions */ = {
			isa = PBXGroup;
			children = (
				B84405F92895696D00609B95 /* UIViewExtension.swift */,
				B844061428A09D2000609B95 /* UIImageViewExtension.swift */,
			);
			path = Extensions;
			sourceTree = "<group>";
		};
		B84405FD2896B5FE00609B95 /* AgentsDetailView */ = {
			isa = PBXGroup;
			children = (
				B84405FE2896B70C00609B95 /* AgentsDetailViewController.swift */,
				B84406002896C7FB00609B95 /* AgentDetailViewRouter.swift */,
				B84406022896C83500609B95 /* AgentsDetailViewProtocols.swift */,
				B84406042896C83F00609B95 /* AgentsDetailViewPresenter.swift */,
			);
			path = AgentsDetailView;
			sourceTree = "<group>";
		};
		B844060D2898AF5C00609B95 /* Settings */ = {
			isa = PBXGroup;
			children = (
				B83F470C28903DF50070E13F /* SceneDelegate.swift */,
				B83F470A28903DF50070E13F /* AppDelegate.swift */,
			);
			path = Settings;
			sourceTree = "<group>";
		};
		B844061628A0A17A00609B95 /* LoadingScreen */ = {
			isa = PBXGroup;
			children = (
				B844061728A0A1BA00609B95 /* LoadingScreenView.swift */,
				B844061928A1CB2900609B95 /* Animation.swift */,
				B88C5A2328AC06EF00D461AC /* LoadingScreenRouter.swift */,
				B88C5A2528AC070200D461AC /* LoadingScrenProtocols.swift */,
				B88C5A2728AC071700D461AC /* LoadingScreenPresenter.swift */,
			);
			path = LoadingScreen;
			sourceTree = "<group>";
		};
		B844061B28A3BCBA00609B95 /* MainView */ = {
			isa = PBXGroup;
			children = (
				B88C5A1A28A4044D00D461AC /* View */,
				B88C5A1428A3E57300D461AC /* MainViewEntity.swift */,
				B88C5A2128A409D400D461AC /* MainViewPresenter.swift */,
				B88C5A1828A4025600D461AC /* Common.swift */,
				B88C5A1B28A404C200D461AC /* MainViewProtocols.swift */,
				B88C5A1D28A404D500D461AC /* MainViewRouter.swift */,
				B88C5A1F28A404EB00D461AC /* MainViewInteractor.swift */,
			);
			path = MainView;
			sourceTree = "<group>";
		};
		B88C5A1128A3CEA400D461AC /* UI */ = {
			isa = PBXGroup;
			children = (
				B84405FB2895F57E00609B95 /* Colors.swift */,
				B844061228A0916A00609B95 /* UIImage.swift */,
				B844061028A0911D00609B95 /* Containers.swift */,
				B844060E289E0F4F00609B95 /* UILabels.swift */,
				B88C5A1228A3CEFA00D461AC /* HeaderUIView.swift */,
			);
			path = UI;
			sourceTree = "<group>";
		};
		B88C5A1A28A4044D00D461AC /* View */ = {
			isa = PBXGroup;
			children = (
				B88C5A0F28A3C23100D461AC /* MainViewTableViewCell.swift */,
				B88C5A0D28A3BD2F00D461AC /* MainViewController.swift */,
				B88C5A1628A3F92C00D461AC /* TitleCollectionMainViewCell.swift */,
			);
			path = View;
			sourceTree = "<group>";
		};
		B88C5A2E28AF1E7E00D461AC /* DrawAgentsView */ = {
			isa = PBXGroup;
			children = (
				B88C5A2F28AF1EBF00D461AC /* DrawAgentsView.swift */,
				B88C5A3128AF1EC900D461AC /* DrawAgentsProtocols.swift */,
				B88C5A3328AF1ED500D461AC /* DrawAgentsInteractor.swift */,
				B88C5A3528AF1EDE00D461AC /* DrawAgentsPresenter.swift */,
				B88C5A3728AF1EE900D461AC /* DrawAgentsRouter.swift */,
			);
			path = DrawAgentsView;
			sourceTree = "<group>";
		};
		B8A63ECA2893E482006F9981 /* AgentsTableView */ = {
			isa = PBXGroup;
			children = (
				B84405F528955E5000609B95 /* View */,
				B8A63ECD2893E49F006F9981 /* AgentsInteractor.swift */,
				B8A63ECF2893E4AB006F9981 /* AgentsPresenter.swift */,
				B8A63ED12893E4B8006F9981 /* AgentsListEntity.swift */,
				B8A63ED32893E4C9006F9981 /* AgentsRouter.swift */,
				B8A63ED52894A8AF006F9981 /* AgentsProtocols.swift */,
			);
			path = AgentsTableView;
			sourceTree = "<group>";
		};
		B8A63ED72894A982006F9981 /* Common */ = {
			isa = PBXGroup;
			children = (
				B8A63ED82894A993006F9981 /* Constans.swift */,
				B8A63EDA2894A9A1006F9981 /* EntryPoint.swift */,
				B88C5A1128A3CEA400D461AC /* UI */,
			);
			path = Common;
			sourceTree = "<group>";
		};
/* End PBXGroup section */

/* Begin PBXNativeTarget section */
		B83F470628903DF50070E13F /* ValorantGuide */ = {
			isa = PBXNativeTarget;
			buildConfigurationList = B83F473128903DF70070E13F /* Build configuration list for PBXNativeTarget "ValorantGuide" */;
			buildPhases = (
				B88C5A2928AD2E3B00D461AC /* Run SwiftLint */,
				831FC568D3021B17FE4A51E3 /* [CP] Check Pods Manifest.lock */,
				B83F470328903DF50070E13F /* Sources */,
				B83F470428903DF50070E13F /* Frameworks */,
				B83F470528903DF50070E13F /* Resources */,
				921DB31CBD50E4CF04CF2AA9 /* [CP] Embed Pods Frameworks */,
			);
			buildRules = (
			);
			dependencies = (
			);
			name = ValorantGuide;
			productName = ValorantGuide;
			productReference = B83F470728903DF50070E13F /* ValorantGuide.app */;
			productType = "com.apple.product-type.application";
		};
		B83F471C28903DF70070E13F /* ValorantGuideTests */ = {
			isa = PBXNativeTarget;
			buildConfigurationList = B83F473428903DF70070E13F /* Build configuration list for PBXNativeTarget "ValorantGuideTests" */;
			buildPhases = (
				B83F471928903DF70070E13F /* Sources */,
				B83F471A28903DF70070E13F /* Frameworks */,
				B83F471B28903DF70070E13F /* Resources */,
			);
			buildRules = (
			);
			dependencies = (
				B83F471F28903DF70070E13F /* PBXTargetDependency */,
			);
			name = ValorantGuideTests;
			productName = ValorantGuideTests;
			productReference = B83F471D28903DF70070E13F /* ValorantGuideTests.xctest */;
			productType = "com.apple.product-type.bundle.unit-test";
		};
		B83F472628903DF70070E13F /* ValorantGuideUITests */ = {
			isa = PBXNativeTarget;
			buildConfigurationList = B83F473728903DF70070E13F /* Build configuration list for PBXNativeTarget "ValorantGuideUITests" */;
			buildPhases = (
				B83F472328903DF70070E13F /* Sources */,
				B83F472428903DF70070E13F /* Frameworks */,
				B83F472528903DF70070E13F /* Resources */,
			);
			buildRules = (
			);
			dependencies = (
				B83F472928903DF70070E13F /* PBXTargetDependency */,
			);
			name = ValorantGuideUITests;
			productName = ValorantGuideUITests;
			productReference = B83F472728903DF70070E13F /* ValorantGuideUITests.xctest */;
			productType = "com.apple.product-type.bundle.ui-testing";
		};
/* End PBXNativeTarget section */

/* Begin PBXProject section */
		B83F46FF28903DF50070E13F /* Project object */ = {
			isa = PBXProject;
			attributes = {
				BuildIndependentTargetsInParallel = 1;
				LastSwiftUpdateCheck = 1340;
				LastUpgradeCheck = 1340;
				TargetAttributes = {
					B83F470628903DF50070E13F = {
						CreatedOnToolsVersion = 13.4.1;
					};
					B83F471C28903DF70070E13F = {
						CreatedOnToolsVersion = 13.4.1;
						TestTargetID = B83F470628903DF50070E13F;
					};
					B83F472628903DF70070E13F = {
						CreatedOnToolsVersion = 13.4.1;
						TestTargetID = B83F470628903DF50070E13F;
					};
				};
			};
			buildConfigurationList = B83F470228903DF50070E13F /* Build configuration list for PBXProject "ValorantGuide" */;
			compatibilityVersion = "Xcode 13.0";
			developmentRegion = en;
			hasScannedForEncodings = 0;
			knownRegions = (
				en,
				Base,
			);
			mainGroup = B83F46FE28903DF50070E13F;
			productRefGroup = B83F470828903DF50070E13F /* Products */;
			projectDirPath = "";
			projectRoot = "";
			targets = (
				B83F470628903DF50070E13F /* ValorantGuide */,
				B83F471C28903DF70070E13F /* ValorantGuideTests */,
				B83F472628903DF70070E13F /* ValorantGuideUITests */,
			);
		};
/* End PBXProject section */

/* Begin PBXResourcesBuildPhase section */
		B83F470528903DF50070E13F /* Resources */ = {
			isa = PBXResourcesBuildPhase;
			buildActionMask = 2147483647;
			files = (
				B83F471428903DF70070E13F /* Assets.xcassets in Resources */,
			);
			runOnlyForDeploymentPostprocessing = 0;
		};
		B83F471B28903DF70070E13F /* Resources */ = {
			isa = PBXResourcesBuildPhase;
			buildActionMask = 2147483647;
			files = (
			);
			runOnlyForDeploymentPostprocessing = 0;
		};
		B83F472528903DF70070E13F /* Resources */ = {
			isa = PBXResourcesBuildPhase;
			buildActionMask = 2147483647;
			files = (
			);
			runOnlyForDeploymentPostprocessing = 0;
		};
/* End PBXResourcesBuildPhase section */

/* Begin PBXShellScriptBuildPhase section */
		831FC568D3021B17FE4A51E3 /* [CP] Check Pods Manifest.lock */ = {
			isa = PBXShellScriptBuildPhase;
			buildActionMask = 2147483647;
			files = (
			);
			inputFileListPaths = (
			);
			inputPaths = (
				"${PODS_PODFILE_DIR_PATH}/Podfile.lock",
				"${PODS_ROOT}/Manifest.lock",
			);
			name = "[CP] Check Pods Manifest.lock";
			outputFileListPaths = (
			);
			outputPaths = (
				"$(DERIVED_FILE_DIR)/Pods-ValorantGuide-checkManifestLockResult.txt",
			);
			runOnlyForDeploymentPostprocessing = 0;
			shellPath = /bin/sh;
			shellScript = "diff \"${PODS_PODFILE_DIR_PATH}/Podfile.lock\" \"${PODS_ROOT}/Manifest.lock\" > /dev/null\nif [ $? != 0 ] ; then\n    # print error to STDERR\n    echo \"error: The sandbox is not in sync with the Podfile.lock. Run 'pod install' or update your CocoaPods installation.\" >&2\n    exit 1\nfi\n# This output is used by Xcode 'outputs' to avoid re-running this script phase.\necho \"SUCCESS\" > \"${SCRIPT_OUTPUT_FILE_0}\"\n";
			showEnvVarsInLog = 0;
		};
		921DB31CBD50E4CF04CF2AA9 /* [CP] Embed Pods Frameworks */ = {
			isa = PBXShellScriptBuildPhase;
			buildActionMask = 2147483647;
			files = (
			);
			inputFileListPaths = (
				"${PODS_ROOT}/Target Support Files/Pods-ValorantGuide/Pods-ValorantGuide-frameworks-${CONFIGURATION}-input-files.xcfilelist",
			);
			name = "[CP] Embed Pods Frameworks";
			outputFileListPaths = (
				"${PODS_ROOT}/Target Support Files/Pods-ValorantGuide/Pods-ValorantGuide-frameworks-${CONFIGURATION}-output-files.xcfilelist",
			);
			runOnlyForDeploymentPostprocessing = 0;
			shellPath = /bin/sh;
			shellScript = "\"${PODS_ROOT}/Target Support Files/Pods-ValorantGuide/Pods-ValorantGuide-frameworks.sh\"\n";
			showEnvVarsInLog = 0;
		};
		B88C5A2928AD2E3B00D461AC /* Run SwiftLint */ = {
			isa = PBXShellScriptBuildPhase;
			buildActionMask = 2147483647;
			files = (
			);
			inputFileListPaths = (
			);
			inputPaths = (
			);
			name = "Run SwiftLint";
			outputFileListPaths = (
			);
			outputPaths = (
			);
			runOnlyForDeploymentPostprocessing = 0;
			shellPath = /bin/sh;
			shellScript = "export PATH=\"$PATH:/opt/homebrew/bin\"\nif which swiftlint > /dev/null; then\n  swiftlint\nelse\n  echo \"warning: SwiftLint not installed, download from https://github.com/realm/SwiftLint\"\nfi\n";
		};
/* End PBXShellScriptBuildPhase section */

/* Begin PBXSourcesBuildPhase section */
		B83F470328903DF50070E13F /* Sources */ = {
			isa = PBXSourcesBuildPhase;
			buildActionMask = 2147483647;
			files = (
				B88C5A3828AF1EE900D461AC /* DrawAgentsRouter.swift in Sources */,
				B821880728D1E8E7007B39AF /* WeaponSkinsEntity.swift in Sources */,
				B844061328A0916A00609B95 /* UIImage.swift in Sources */,
				B83F470B28903DF50070E13F /* AppDelegate.swift in Sources */,
				B83F470D28903DF50070E13F /* SceneDelegate.swift in Sources */,
				B8A63EDB2894A9A1006F9981 /* EntryPoint.swift in Sources */,
				B8A63ED92894A993006F9981 /* Constans.swift in Sources */,
				B8A63ED22893E4B8006F9981 /* AgentsListEntity.swift in Sources */,
				B844061528A09D2000609B95 /* UIImageViewExtension.swift in Sources */,
				B88C5A2028A404EB00D461AC /* MainViewInteractor.swift in Sources */,
				B844061128A0911D00609B95 /* Containers.swift in Sources */,
				B88C5A3228AF1EC900D461AC /* DrawAgentsProtocols.swift in Sources */,
				B88C5A3028AF1EBF00D461AC /* DrawAgentsView.swift in Sources */,
				B844060F289E0F4F00609B95 /* UILabels.swift in Sources */,
				B8A63ED42893E4C9006F9981 /* AgentsRouter.swift in Sources */,
				B84405FF2896B70C00609B95 /* AgentsDetailViewController.swift in Sources */,
				B84405FA2895696D00609B95 /* UIViewExtension.swift in Sources */,
				B84406052896C83F00609B95 /* AgentsDetailViewPresenter.swift in Sources */,
				B88C5A2228A409D400D461AC /* MainViewPresenter.swift in Sources */,
				B88C5A0E28A3BD2F00D461AC /* MainViewController.swift in Sources */,
				B844061A28A1CB2900609B95 /* Animation.swift in Sources */,
				B8A63ECE2893E49F006F9981 /* AgentsInteractor.swift in Sources */,
				B88C5A2828AC071700D461AC /* LoadingScreenPresenter.swift in Sources */,
				B821880128D1E898007B39AF /* WeaponSkinsProtocol.swift in Sources */,
				B88C5A3428AF1ED500D461AC /* DrawAgentsInteractor.swift in Sources */,
				B88C5A1E28A404D500D461AC /* MainViewRouter.swift in Sources */,
				B844061828A0A1BA00609B95 /* LoadingScreenView.swift in Sources */,
				B88C5A1728A3F92C00D461AC /* TitleCollectionMainViewCell.swift in Sources */,
				B821880528D1E8CE007B39AF /* WeaponSkinsPresenter.swift in Sources */,
				B84406012896C7FB00609B95 /* AgentDetailViewRouter.swift in Sources */,
				B84405FC2895F57E00609B95 /* Colors.swift in Sources */,
				B84406032896C83500609B95 /* AgentsDetailViewProtocols.swift in Sources */,
				B88C5A1528A3E57300D461AC /* MainViewEntity.swift in Sources */,
				B8A63ECC2893E492006F9981 /* AgentsTableViewController.swift in Sources */,
				B88C5A1328A3CEFA00D461AC /* HeaderUIView.swift in Sources */,
				B84405F728955E5C00609B95 /* AgentsTableViewCell.swift in Sources */,
				B88C5A2628AC070200D461AC /* LoadingScrenProtocols.swift in Sources */,
				B8A63ED02893E4AB006F9981 /* AgentsPresenter.swift in Sources */,
				B88C5A3628AF1EDE00D461AC /* DrawAgentsPresenter.swift in Sources */,
				B88C5A1028A3C23100D461AC /* MainViewTableViewCell.swift in Sources */,
				B88C5A2428AC06EF00D461AC /* LoadingScreenRouter.swift in Sources */,
				B821880328D1E8BC007B39AF /* WeaponSkinsInteractor.swift in Sources */,
				B88C5A1928A4025600D461AC /* Common.swift in Sources */,
				B821880A28D1E900007B39AF /* WeaponSkinsViewController.swift in Sources */,
				B88C5A1C28A404C200D461AC /* MainViewProtocols.swift in Sources */,
				B8A63ED62894A8AF006F9981 /* AgentsProtocols.swift in Sources */,
			);
			runOnlyForDeploymentPostprocessing = 0;
		};
		B83F471928903DF70070E13F /* Sources */ = {
			isa = PBXSourcesBuildPhase;
			buildActionMask = 2147483647;
			files = (
				B83F472228903DF70070E13F /* ValorantGuideTests.swift in Sources */,
			);
			runOnlyForDeploymentPostprocessing = 0;
		};
		B83F472328903DF70070E13F /* Sources */ = {
			isa = PBXSourcesBuildPhase;
			buildActionMask = 2147483647;
			files = (
				B83F472E28903DF70070E13F /* ValorantGuideUITestsLaunchTests.swift in Sources */,
				B83F472C28903DF70070E13F /* ValorantGuideUITests.swift in Sources */,
			);
			runOnlyForDeploymentPostprocessing = 0;
		};
/* End PBXSourcesBuildPhase section */

/* Begin PBXTargetDependency section */
		B83F471F28903DF70070E13F /* PBXTargetDependency */ = {
			isa = PBXTargetDependency;
			target = B83F470628903DF50070E13F /* ValorantGuide */;
			targetProxy = B83F471E28903DF70070E13F /* PBXContainerItemProxy */;
		};
		B83F472928903DF70070E13F /* PBXTargetDependency */ = {
			isa = PBXTargetDependency;
			target = B83F470628903DF50070E13F /* ValorantGuide */;
			targetProxy = B83F472828903DF70070E13F /* PBXContainerItemProxy */;
		};
/* End PBXTargetDependency section */

/* Begin XCBuildConfiguration section */
		B83F472F28903DF70070E13F /* Debug */ = {
			isa = XCBuildConfiguration;
			buildSettings = {
				ALWAYS_SEARCH_USER_PATHS = NO;
				CLANG_ANALYZER_NONNULL = YES;
				CLANG_ANALYZER_NUMBER_OBJECT_CONVERSION = YES_AGGRESSIVE;
				CLANG_CXX_LANGUAGE_STANDARD = "gnu++17";
				CLANG_ENABLE_MODULES = YES;
				CLANG_ENABLE_OBJC_ARC = YES;
				CLANG_ENABLE_OBJC_WEAK = YES;
				CLANG_WARN_BLOCK_CAPTURE_AUTORELEASING = YES;
				CLANG_WARN_BOOL_CONVERSION = YES;
				CLANG_WARN_COMMA = YES;
				CLANG_WARN_CONSTANT_CONVERSION = YES;
				CLANG_WARN_DEPRECATED_OBJC_IMPLEMENTATIONS = YES;
				CLANG_WARN_DIRECT_OBJC_ISA_USAGE = YES_ERROR;
				CLANG_WARN_DOCUMENTATION_COMMENTS = YES;
				CLANG_WARN_EMPTY_BODY = YES;
				CLANG_WARN_ENUM_CONVERSION = YES;
				CLANG_WARN_INFINITE_RECURSION = YES;
				CLANG_WARN_INT_CONVERSION = YES;
				CLANG_WARN_NON_LITERAL_NULL_CONVERSION = YES;
				CLANG_WARN_OBJC_IMPLICIT_RETAIN_SELF = YES;
				CLANG_WARN_OBJC_LITERAL_CONVERSION = YES;
				CLANG_WARN_OBJC_ROOT_CLASS = YES_ERROR;
				CLANG_WARN_QUOTED_INCLUDE_IN_FRAMEWORK_HEADER = YES;
				CLANG_WARN_RANGE_LOOP_ANALYSIS = YES;
				CLANG_WARN_STRICT_PROTOTYPES = YES;
				CLANG_WARN_SUSPICIOUS_MOVE = YES;
				CLANG_WARN_UNGUARDED_AVAILABILITY = YES_AGGRESSIVE;
				CLANG_WARN_UNREACHABLE_CODE = YES;
				CLANG_WARN__DUPLICATE_METHOD_MATCH = YES;
				COPY_PHASE_STRIP = NO;
				DEBUG_INFORMATION_FORMAT = dwarf;
				ENABLE_STRICT_OBJC_MSGSEND = YES;
				ENABLE_TESTABILITY = YES;
				GCC_C_LANGUAGE_STANDARD = gnu11;
				GCC_DYNAMIC_NO_PIC = NO;
				GCC_NO_COMMON_BLOCKS = YES;
				GCC_OPTIMIZATION_LEVEL = 0;
				GCC_PREPROCESSOR_DEFINITIONS = (
					"DEBUG=1",
					"$(inherited)",
				);
				GCC_WARN_64_TO_32_BIT_CONVERSION = YES;
				GCC_WARN_ABOUT_RETURN_TYPE = YES_ERROR;
				GCC_WARN_UNDECLARED_SELECTOR = YES;
				GCC_WARN_UNINITIALIZED_AUTOS = YES_AGGRESSIVE;
				GCC_WARN_UNUSED_FUNCTION = YES;
				GCC_WARN_UNUSED_VARIABLE = YES;
				IPHONEOS_DEPLOYMENT_TARGET = 15.5;
				MTL_ENABLE_DEBUG_INFO = INCLUDE_SOURCE;
				MTL_FAST_MATH = YES;
				ONLY_ACTIVE_ARCH = YES;
				SDKROOT = iphoneos;
				SWIFT_ACTIVE_COMPILATION_CONDITIONS = DEBUG;
				SWIFT_OPTIMIZATION_LEVEL = "-Onone";
			};
			name = Debug;
		};
		B83F473028903DF70070E13F /* Release */ = {
			isa = XCBuildConfiguration;
			buildSettings = {
				ALWAYS_SEARCH_USER_PATHS = NO;
				CLANG_ANALYZER_NONNULL = YES;
				CLANG_ANALYZER_NUMBER_OBJECT_CONVERSION = YES_AGGRESSIVE;
				CLANG_CXX_LANGUAGE_STANDARD = "gnu++17";
				CLANG_ENABLE_MODULES = YES;
				CLANG_ENABLE_OBJC_ARC = YES;
				CLANG_ENABLE_OBJC_WEAK = YES;
				CLANG_WARN_BLOCK_CAPTURE_AUTORELEASING = YES;
				CLANG_WARN_BOOL_CONVERSION = YES;
				CLANG_WARN_COMMA = YES;
				CLANG_WARN_CONSTANT_CONVERSION = YES;
				CLANG_WARN_DEPRECATED_OBJC_IMPLEMENTATIONS = YES;
				CLANG_WARN_DIRECT_OBJC_ISA_USAGE = YES_ERROR;
				CLANG_WARN_DOCUMENTATION_COMMENTS = YES;
				CLANG_WARN_EMPTY_BODY = YES;
				CLANG_WARN_ENUM_CONVERSION = YES;
				CLANG_WARN_INFINITE_RECURSION = YES;
				CLANG_WARN_INT_CONVERSION = YES;
				CLANG_WARN_NON_LITERAL_NULL_CONVERSION = YES;
				CLANG_WARN_OBJC_IMPLICIT_RETAIN_SELF = YES;
				CLANG_WARN_OBJC_LITERAL_CONVERSION = YES;
				CLANG_WARN_OBJC_ROOT_CLASS = YES_ERROR;
				CLANG_WARN_QUOTED_INCLUDE_IN_FRAMEWORK_HEADER = YES;
				CLANG_WARN_RANGE_LOOP_ANALYSIS = YES;
				CLANG_WARN_STRICT_PROTOTYPES = YES;
				CLANG_WARN_SUSPICIOUS_MOVE = YES;
				CLANG_WARN_UNGUARDED_AVAILABILITY = YES_AGGRESSIVE;
				CLANG_WARN_UNREACHABLE_CODE = YES;
				CLANG_WARN__DUPLICATE_METHOD_MATCH = YES;
				COPY_PHASE_STRIP = NO;
				DEBUG_INFORMATION_FORMAT = "dwarf-with-dsym";
				ENABLE_NS_ASSERTIONS = NO;
				ENABLE_STRICT_OBJC_MSGSEND = YES;
				GCC_C_LANGUAGE_STANDARD = gnu11;
				GCC_NO_COMMON_BLOCKS = YES;
				GCC_WARN_64_TO_32_BIT_CONVERSION = YES;
				GCC_WARN_ABOUT_RETURN_TYPE = YES_ERROR;
				GCC_WARN_UNDECLARED_SELECTOR = YES;
				GCC_WARN_UNINITIALIZED_AUTOS = YES_AGGRESSIVE;
				GCC_WARN_UNUSED_FUNCTION = YES;
				GCC_WARN_UNUSED_VARIABLE = YES;
				IPHONEOS_DEPLOYMENT_TARGET = 15.5;
				MTL_ENABLE_DEBUG_INFO = NO;
				MTL_FAST_MATH = YES;
				SDKROOT = iphoneos;
				SWIFT_COMPILATION_MODE = wholemodule;
				SWIFT_OPTIMIZATION_LEVEL = "-O";
				VALIDATE_PRODUCT = YES;
			};
			name = Release;
		};
		B83F473228903DF70070E13F /* Debug */ = {
			isa = XCBuildConfiguration;
			baseConfigurationReference = 9AF3A5863E6E558787DE975A /* Pods-ValorantGuide.debug.xcconfig */;
			buildSettings = {
				ASSETCATALOG_COMPILER_APPICON_NAME = AppIcon;
				ASSETCATALOG_COMPILER_GLOBAL_ACCENT_COLOR_NAME = AccentColor;
				CODE_SIGN_STYLE = Automatic;
				CURRENT_PROJECT_VERSION = 1;
				DEVELOPMENT_TEAM = 9XS6X5TT86;
				GENERATE_INFOPLIST_FILE = YES;
				INFOPLIST_FILE = ValorantGuide/Info.plist;
				INFOPLIST_KEY_UIApplicationSupportsIndirectInputEvents = YES;
				INFOPLIST_KEY_UILaunchStoryboardName = LaunchScreen;
				INFOPLIST_KEY_UISupportedInterfaceOrientations_iPad = "UIInterfaceOrientationPortrait UIInterfaceOrientationPortraitUpsideDown UIInterfaceOrientationLandscapeLeft UIInterfaceOrientationLandscapeRight";
				INFOPLIST_KEY_UISupportedInterfaceOrientations_iPhone = "UIInterfaceOrientationPortrait UIInterfaceOrientationLandscapeLeft UIInterfaceOrientationLandscapeRight";
				LD_RUNPATH_SEARCH_PATHS = (
					"$(inherited)",
					"@executable_path/Frameworks",
				);
				MARKETING_VERSION = 1.0;
				PRODUCT_BUNDLE_IDENTIFIER = mateusz.ValorantGuide;
				PRODUCT_NAME = "$(TARGET_NAME)";
				SWIFT_EMIT_LOC_STRINGS = YES;
				SWIFT_VERSION = 5.0;
				TARGETED_DEVICE_FAMILY = "1,2";
			};
			name = Debug;
		};
		B83F473328903DF70070E13F /* Release */ = {
			isa = XCBuildConfiguration;
			baseConfigurationReference = 65F58EE8CAAE1E309EFDCA4A /* Pods-ValorantGuide.release.xcconfig */;
			buildSettings = {
				ASSETCATALOG_COMPILER_APPICON_NAME = AppIcon;
				ASSETCATALOG_COMPILER_GLOBAL_ACCENT_COLOR_NAME = AccentColor;
				CODE_SIGN_STYLE = Automatic;
				CURRENT_PROJECT_VERSION = 1;
				DEVELOPMENT_TEAM = 9XS6X5TT86;
				GENERATE_INFOPLIST_FILE = YES;
				INFOPLIST_FILE = ValorantGuide/Info.plist;
				INFOPLIST_KEY_UIApplicationSupportsIndirectInputEvents = YES;
				INFOPLIST_KEY_UILaunchStoryboardName = LaunchScreen;
				INFOPLIST_KEY_UISupportedInterfaceOrientations_iPad = "UIInterfaceOrientationPortrait UIInterfaceOrientationPortraitUpsideDown UIInterfaceOrientationLandscapeLeft UIInterfaceOrientationLandscapeRight";
				INFOPLIST_KEY_UISupportedInterfaceOrientations_iPhone = "UIInterfaceOrientationPortrait UIInterfaceOrientationLandscapeLeft UIInterfaceOrientationLandscapeRight";
				LD_RUNPATH_SEARCH_PATHS = (
					"$(inherited)",
					"@executable_path/Frameworks",
				);
				MARKETING_VERSION = 1.0;
				PRODUCT_BUNDLE_IDENTIFIER = mateusz.ValorantGuide;
				PRODUCT_NAME = "$(TARGET_NAME)";
				SWIFT_EMIT_LOC_STRINGS = YES;
				SWIFT_VERSION = 5.0;
				TARGETED_DEVICE_FAMILY = "1,2";
			};
			name = Release;
		};
		B83F473528903DF70070E13F /* Debug */ = {
			isa = XCBuildConfiguration;
			buildSettings = {
				ALWAYS_EMBED_SWIFT_STANDARD_LIBRARIES = YES;
				BUNDLE_LOADER = "$(TEST_HOST)";
				CODE_SIGN_STYLE = Automatic;
				CURRENT_PROJECT_VERSION = 1;
				DEVELOPMENT_TEAM = 9XS6X5TT86;
				GENERATE_INFOPLIST_FILE = YES;
				IPHONEOS_DEPLOYMENT_TARGET = 15.5;
				MARKETING_VERSION = 1.0;
				PRODUCT_BUNDLE_IDENTIFIER = mateusz.ValorantGuideTests;
				PRODUCT_NAME = "$(TARGET_NAME)";
				SWIFT_EMIT_LOC_STRINGS = NO;
				SWIFT_VERSION = 5.0;
				TARGETED_DEVICE_FAMILY = "1,2";
				TEST_HOST = "$(BUILT_PRODUCTS_DIR)/ValorantGuide.app/ValorantGuide";
			};
			name = Debug;
		};
		B83F473628903DF70070E13F /* Release */ = {
			isa = XCBuildConfiguration;
			buildSettings = {
				ALWAYS_EMBED_SWIFT_STANDARD_LIBRARIES = YES;
				BUNDLE_LOADER = "$(TEST_HOST)";
				CODE_SIGN_STYLE = Automatic;
				CURRENT_PROJECT_VERSION = 1;
				DEVELOPMENT_TEAM = 9XS6X5TT86;
				GENERATE_INFOPLIST_FILE = YES;
				IPHONEOS_DEPLOYMENT_TARGET = 15.5;
				MARKETING_VERSION = 1.0;
				PRODUCT_BUNDLE_IDENTIFIER = mateusz.ValorantGuideTests;
				PRODUCT_NAME = "$(TARGET_NAME)";
				SWIFT_EMIT_LOC_STRINGS = NO;
				SWIFT_VERSION = 5.0;
				TARGETED_DEVICE_FAMILY = "1,2";
				TEST_HOST = "$(BUILT_PRODUCTS_DIR)/ValorantGuide.app/ValorantGuide";
			};
			name = Release;
		};
		B83F473828903DF70070E13F /* Debug */ = {
			isa = XCBuildConfiguration;
			buildSettings = {
				ALWAYS_EMBED_SWIFT_STANDARD_LIBRARIES = YES;
				CODE_SIGN_STYLE = Automatic;
				CURRENT_PROJECT_VERSION = 1;
				DEVELOPMENT_TEAM = 9XS6X5TT86;
				GENERATE_INFOPLIST_FILE = YES;
				MARKETING_VERSION = 1.0;
				PRODUCT_BUNDLE_IDENTIFIER = mateusz.ValorantGuideUITests;
				PRODUCT_NAME = "$(TARGET_NAME)";
				SWIFT_EMIT_LOC_STRINGS = NO;
				SWIFT_VERSION = 5.0;
				TARGETED_DEVICE_FAMILY = "1,2";
				TEST_TARGET_NAME = ValorantGuide;
			};
			name = Debug;
		};
		B83F473928903DF70070E13F /* Release */ = {
			isa = XCBuildConfiguration;
			buildSettings = {
				ALWAYS_EMBED_SWIFT_STANDARD_LIBRARIES = YES;
				CODE_SIGN_STYLE = Automatic;
				CURRENT_PROJECT_VERSION = 1;
				DEVELOPMENT_TEAM = 9XS6X5TT86;
				GENERATE_INFOPLIST_FILE = YES;
				MARKETING_VERSION = 1.0;
				PRODUCT_BUNDLE_IDENTIFIER = mateusz.ValorantGuideUITests;
				PRODUCT_NAME = "$(TARGET_NAME)";
				SWIFT_EMIT_LOC_STRINGS = NO;
				SWIFT_VERSION = 5.0;
				TARGETED_DEVICE_FAMILY = "1,2";
				TEST_TARGET_NAME = ValorantGuide;
			};
			name = Release;
		};
/* End XCBuildConfiguration section */

/* Begin XCConfigurationList section */
		B83F470228903DF50070E13F /* Build configuration list for PBXProject "ValorantGuide" */ = {
			isa = XCConfigurationList;
			buildConfigurations = (
				B83F472F28903DF70070E13F /* Debug */,
				B83F473028903DF70070E13F /* Release */,
			);
			defaultConfigurationIsVisible = 0;
			defaultConfigurationName = Release;
		};
		B83F473128903DF70070E13F /* Build configuration list for PBXNativeTarget "ValorantGuide" */ = {
			isa = XCConfigurationList;
			buildConfigurations = (
				B83F473228903DF70070E13F /* Debug */,
				B83F473328903DF70070E13F /* Release */,
			);
			defaultConfigurationIsVisible = 0;
			defaultConfigurationName = Release;
		};
		B83F473428903DF70070E13F /* Build configuration list for PBXNativeTarget "ValorantGuideTests" */ = {
			isa = XCConfigurationList;
			buildConfigurations = (
				B83F473528903DF70070E13F /* Debug */,
				B83F473628903DF70070E13F /* Release */,
			);
			defaultConfigurationIsVisible = 0;
			defaultConfigurationName = Release;
		};
		B83F473728903DF70070E13F /* Build configuration list for PBXNativeTarget "ValorantGuideUITests" */ = {
			isa = XCConfigurationList;
			buildConfigurations = (
				B83F473828903DF70070E13F /* Debug */,
				B83F473928903DF70070E13F /* Release */,
			);
			defaultConfigurationIsVisible = 0;
			defaultConfigurationName = Release;
		};
/* End XCConfigurationList section */
	};
	rootObject = B83F46FF28903DF50070E13F /* Project object */;
}
